PODS:
  - InputBarAccessoryView (4.2.2)
  - MessageKit (3.0.0):
    - InputBarAccessoryView (~> 4.2.2)

DEPENDENCIES:
  - MessageKit (from `../`)

SPEC REPOS:
  https://github.com/cocoapods/specs.git:
    - InputBarAccessoryView

EXTERNAL SOURCES:
  MessageKit:
    :path: "../"

SPEC CHECKSUMS:
  InputBarAccessoryView: 2b937602598e2fab3149f37f51dd7ad795653812
  MessageKit: b776b77d6f589edca10abdc63b060b804c0de4f4

PODFILE CHECKSUM: cecdb7bc8129cf99f66de9f68eea3256fec30c3d

COCOAPODS: 1.6.1
