{
  "object": {
    "pins": [
      {
        "package": "InputBarAccessoryView",
        "repositoryURL": "https://github.com/nathantannar4/InputBarAccessoryView",
        "state": {
          "branch": null,
          "revision": "710aa5e53b6b15bb240e6bced5b5fe0f2d568d69",
          "version": "5.0.0"
        }
      }
    ]
  },
  "version": 1
}
