// !$*UTF8*$!
{
	archiveVersion = 1;
	classes = {
	};
	objectVersion = 46;
	objects = {

/* Begin PBXBuildFile section */
		0EE91E661FDEC888005420A2 /* CGRect+Extensions.swift in Sources */ = {isa = PBXBuildFile; fileRef = 0EE91E651FDEC887005420A2 /* CGRect+Extensions.swift */; };
		0EF0888C206F7E83007F2F58 /* CellSizeCalculator.swift in Sources */ = {isa = PBXBuildFile; fileRef = 0EF0888B206F7E83007F2F58 /* CellSizeCalculator.swift */; };
		1F066E131FD90BB600E11013 /* MessagesViewControllerSpec.swift in Sources */ = {isa = PBXBuildFile; fileRef = 1F7FC8CB1FD2700B006CC979 /* MessagesViewControllerSpec.swift */; };
		1F066E141FD90BB700E11013 /* MessageLabelSpec.swift in Sources */ = {isa = PBXBuildFile; fileRef = 1F066E101FD90A0600E11013 /* MessageLabelSpec.swift */; };
		1F066E1D1FDA3C1700E11013 /* SenderSpec.swift in Sources */ = {isa = PBXBuildFile; fileRef = 1F066E1C1FDA3C1700E11013 /* SenderSpec.swift */; };
		1F066E211FDA3DEA00E11013 /* AvatarSpec.swift in Sources */ = {isa = PBXBuildFile; fileRef = 1F066E201FDA3DEA00E11013 /* AvatarSpec.swift */; };
		1F066E231FDA3F0200E11013 /* DetectorTypeSpec.swift in Sources */ = {isa = PBXBuildFile; fileRef = 1F066E221FDA3F0200E11013 /* DetectorTypeSpec.swift */; };
		1F087D451FD274FD00E95A45 /* Nimble.framework in CopyFiles */ = {isa = PBXBuildFile; fileRef = 1F7FC8C71FD26F49006CC979 /* Nimble.framework */; settings = {ATTRIBUTES = (CodeSignOnCopy, RemoveHeadersOnCopy, ); }; };
		1F087D461FD274FD00E95A45 /* Quick.framework in CopyFiles */ = {isa = PBXBuildFile; fileRef = 1F7FC8C51FD26F33006CC979 /* Quick.framework */; settings = {ATTRIBUTES = (CodeSignOnCopy, RemoveHeadersOnCopy, ); }; };
		1F6C040C206A2891007BDE44 /* MessageContentCell.swift in Sources */ = {isa = PBXBuildFile; fileRef = 1F6C040B206A2891007BDE44 /* MessageContentCell.swift */; };
		1F6C040E206A2AF4007BDE44 /* MessageReusableView.swift in Sources */ = {isa = PBXBuildFile; fileRef = 1F6C040D206A2AF4007BDE44 /* MessageReusableView.swift */; };
		1F7FC8C61FD26F33006CC979 /* Quick.framework in Frameworks */ = {isa = PBXBuildFile; fileRef = 1F7FC8C51FD26F33006CC979 /* Quick.framework */; };
		1F7FC8C81FD26F49006CC979 /* Nimble.framework in Frameworks */ = {isa = PBXBuildFile; fileRef = 1F7FC8C71FD26F49006CC979 /* Nimble.framework */; };
		1F82D1431FB1B75B00B81A88 /* AvatarPosition.swift in Sources */ = {isa = PBXBuildFile; fileRef = 1F82D1421FB1B75B00B81A88 /* AvatarPosition.swift */; };
		1FCA6D30201C1CC900BC3480 /* UIEdgeInsets+Extensions.swift in Sources */ = {isa = PBXBuildFile; fileRef = 1FCA6D2F201C1CC900BC3480 /* UIEdgeInsets+Extensions.swift */; };
		1FD589602064E08A004B5081 /* MediaItem.swift in Sources */ = {isa = PBXBuildFile; fileRef = 1FD5895F2064E08A004B5081 /* MediaItem.swift */; };
		1FD589612064E1B5004B5081 /* MockMessagesDataSource.swift in Sources */ = {isa = PBXBuildFile; fileRef = 8962AC7A1F87AB230030B058 /* MockMessagesDataSource.swift */; };
		1FD589622064E1B9004B5081 /* MockMessage.swift in Sources */ = {isa = PBXBuildFile; fileRef = 8962AC7B1F87AB230030B058 /* MockMessage.swift */; };
		1FD5896420660C1C004B5081 /* LocationItem.swift in Sources */ = {isa = PBXBuildFile; fileRef = 1FD5896320660C1C004B5081 /* LocationItem.swift */; };
		1FE7839E20662835007FA024 /* MessageSizeCalculator.swift in Sources */ = {isa = PBXBuildFile; fileRef = 1FE7839D20662835007FA024 /* MessageSizeCalculator.swift */; };
		1FE783A220662905007FA024 /* TextMessageSizeCalculator.swift in Sources */ = {isa = PBXBuildFile; fileRef = 1FE783A120662905007FA024 /* TextMessageSizeCalculator.swift */; };
		1FE783A4206629A5007FA024 /* MediaMessageSizeCalculator.swift in Sources */ = {isa = PBXBuildFile; fileRef = 1FE783A3206629A5007FA024 /* MediaMessageSizeCalculator.swift */; };
		1FE783A6206629C2007FA024 /* LocationMessageSizeCalculator.swift in Sources */ = {isa = PBXBuildFile; fileRef = 1FE783A5206629C2007FA024 /* LocationMessageSizeCalculator.swift */; };
		1FE783A8206633C0007FA024 /* InsetLabel.swift in Sources */ = {isa = PBXBuildFile; fileRef = 1FE783A7206633C0007FA024 /* InsetLabel.swift */; };
		1FF377A420087C82004FD648 /* MessageKitError.swift in Sources */ = {isa = PBXBuildFile; fileRef = 1FF377A320087C82004FD648 /* MessageKitError.swift */; };
		1FF377AA20087D78004FD648 /* MessagesViewController+Menu.swift in Sources */ = {isa = PBXBuildFile; fileRef = 1FF377A920087D78004FD648 /* MessagesViewController+Menu.swift */; };
		1FF377AC20087DA2004FD648 /* MessagesViewController+Keyboard.swift in Sources */ = {isa = PBXBuildFile; fileRef = 1FF377AB20087DA2004FD648 /* MessagesViewController+Keyboard.swift */; };
		382C794221705D2000F4FAF5 /* HorizontalEdgeInsets.swift in Sources */ = {isa = PBXBuildFile; fileRef = 382C794121705D2000F4FAF5 /* HorizontalEdgeInsets.swift */; };
		383B9EB121728BAD008AB91A /* SenderType.swift in Sources */ = {isa = PBXBuildFile; fileRef = 383B9EB021728BAD008AB91A /* SenderType.swift */; };
		388119462253EC30004B26AF /* TypingIndicatorCellSizeCalculator.swift in Sources */ = {isa = PBXBuildFile; fileRef = 388119452253EC30004B26AF /* TypingIndicatorCellSizeCalculator.swift */; };
		38A2230F221FB8A300D14DAF /* MessageInputBar.swift in Sources */ = {isa = PBXBuildFile; fileRef = 38A2230E221FB8A300D14DAF /* MessageInputBar.swift */; };
		38A223112223493500D14DAF /* InputBarAccessoryView.framework in Frameworks */ = {isa = PBXBuildFile; fileRef = 38A223102223493400D14DAF /* InputBarAccessoryView.framework */; };
		38F8062F2173CD8F00CDB9DB /* MockUser.swift in Sources */ = {isa = PBXBuildFile; fileRef = 38F8062D2173CD4300CDB9DB /* MockUser.swift */; };
		38F8063221740D9E00CDB9DB /* TypingIndicator.swift in Sources */ = {isa = PBXBuildFile; fileRef = 38F8063021740D9D00CDB9DB /* TypingIndicator.swift */; };
		38F8063321740D9E00CDB9DB /* BubbleCircle.swift in Sources */ = {isa = PBXBuildFile; fileRef = 38F8063121740D9D00CDB9DB /* BubbleCircle.swift */; };
		38F8063521740DAD00CDB9DB /* TypingBubble.swift in Sources */ = {isa = PBXBuildFile; fileRef = 38F8063421740DAD00CDB9DB /* TypingBubble.swift */; };
		38F8063721740DD500CDB9DB /* TypingIndicatorCell.swift in Sources */ = {isa = PBXBuildFile; fileRef = 38F8063621740DD500CDB9DB /* TypingIndicatorCell.swift */; };
		4C508649221C0BBA0043943C /* AccessoryPosition.swift in Sources */ = {isa = PBXBuildFile; fileRef = 4C508648221C0BBA0043943C /* AccessoryPosition.swift */; };
		5073C1152175BE750040EAD5 /* AudioItem.swift in Sources */ = {isa = PBXBuildFile; fileRef = 5073C1142175BE750040EAD5 /* AudioItem.swift */; };
		5073C1192175BE960040EAD5 /* AudioMessageCell.swift in Sources */ = {isa = PBXBuildFile; fileRef = 5073C1182175BE950040EAD5 /* AudioMessageCell.swift */; };
		5073C11D2175BEC60040EAD5 /* AudioMessageSizeCalculator.swift in Sources */ = {isa = PBXBuildFile; fileRef = 5073C11C2175BEC60040EAD5 /* AudioMessageSizeCalculator.swift */; };
		5073C1232175C1980040EAD5 /* sound1.m4a in Resources */ = {isa = PBXBuildFile; fileRef = 5073C1222175C1980040EAD5 /* sound1.m4a */; };
		50FF34552237FE4C0004DCD7 /* ContactItem.swift in Sources */ = {isa = PBXBuildFile; fileRef = 50FF34542237FE4C0004DCD7 /* ContactItem.swift */; };
		50FF34572237FE6A0004DCD7 /* UIImage+Extension.swift in Sources */ = {isa = PBXBuildFile; fileRef = 50FF34562237FE6A0004DCD7 /* UIImage+Extension.swift */; };
		50FF34592237FE850004DCD7 /* ContactMessageCell.swift in Sources */ = {isa = PBXBuildFile; fileRef = 50FF34582237FE840004DCD7 /* ContactMessageCell.swift */; };
		50FF345B2237FE9C0004DCD7 /* ContactMessageSizeCalculator.swift in Sources */ = {isa = PBXBuildFile; fileRef = 50FF345A2237FE9C0004DCD7 /* ContactMessageSizeCalculator.swift */; };
		88916B2D1CF0DF2F00469F91 /* MessageKit.framework in Frameworks */ = {isa = PBXBuildFile; fileRef = 88916B221CF0DF2F00469F91 /* MessageKit.framework */; };
		8962AC8A1F87AB7D0030B058 /* MessagesCollectionViewTests.swift in Sources */ = {isa = PBXBuildFile; fileRef = 8962AC831F87AB230030B058 /* MessagesCollectionViewTests.swift */; };
		8962AC8C1F87AB7D0030B058 /* AvatarViewTests.swift in Sources */ = {isa = PBXBuildFile; fileRef = 8962AC851F87AB230030B058 /* AvatarViewTests.swift */; };
		8962AC8D1F87AB7D0030B058 /* MessageCollectionViewCellTests.swift in Sources */ = {isa = PBXBuildFile; fileRef = 8962AC861F87AB230030B058 /* MessageCollectionViewCellTests.swift */; };
		8962AC911F87AB860030B058 /* MessagesViewControllerTests.swift in Sources */ = {isa = PBXBuildFile; fileRef = 8962AC7D1F87AB230030B058 /* MessagesViewControllerTests.swift */; };
		8962AC941F87AB860030B058 /* MessageKitDateFormatterTests.swift in Sources */ = {isa = PBXBuildFile; fileRef = 8962AC741F87AB230030B058 /* MessageKitDateFormatterTests.swift */; };
		8962AC951F87AB860030B058 /* MessageStyleTests.swift in Sources */ = {isa = PBXBuildFile; fileRef = 8962AC751F87AB230030B058 /* MessageStyleTests.swift */; };
		8962AC991F87AB860030B058 /* MessagesDisplayDelegateTests.swift in Sources */ = {isa = PBXBuildFile; fileRef = 8962AC811F87AB230030B058 /* MessagesDisplayDelegateTests.swift */; };
		B0C8D99B1F73076B000A86E4 /* MessageKitAssets.bundle in Resources */ = {isa = PBXBuildFile; fileRef = B0C8D99A1F73076B000A86E4 /* MessageKitAssets.bundle */; };
		B7A03F181F86682C006AEF79 /* MessagesCollectionViewFlowLayout.swift in Sources */ = {isa = PBXBuildFile; fileRef = B7A03F161F86682C006AEF79 /* MessagesCollectionViewFlowLayout.swift */; };
		B7A03F191F86682C006AEF79 /* MessagesCollectionViewLayoutAttributes.swift in Sources */ = {isa = PBXBuildFile; fileRef = B7A03F171F86682C006AEF79 /* MessagesCollectionViewLayoutAttributes.swift */; };
		B7A03F251F866895006AEF79 /* NSConstraintLayoutSet.swift in Sources */ = {isa = PBXBuildFile; fileRef = B7A03F1A1F866895006AEF79 /* NSConstraintLayoutSet.swift */; };
		B7A03F261F866895006AEF79 /* MessageKitDateFormatter.swift in Sources */ = {isa = PBXBuildFile; fileRef = B7A03F1B1F866895006AEF79 /* MessageKitDateFormatter.swift */; };
		B7A03F271F866895006AEF79 /* Avatar.swift in Sources */ = {isa = PBXBuildFile; fileRef = B7A03F1C1F866895006AEF79 /* Avatar.swift */; };
		B7A03F281F866895006AEF79 /* LocationMessageSnapshotOptions.swift in Sources */ = {isa = PBXBuildFile; fileRef = B7A03F1D1F866895006AEF79 /* LocationMessageSnapshotOptions.swift */; };
		B7A03F291F866895006AEF79 /* Sender.swift in Sources */ = {isa = PBXBuildFile; fileRef = B7A03F1E1F866895006AEF79 /* Sender.swift */; };
		B7A03F2A1F866895006AEF79 /* MessageStyle.swift in Sources */ = {isa = PBXBuildFile; fileRef = B7A03F1F1F866895006AEF79 /* MessageStyle.swift */; };
		B7A03F2C1F866895006AEF79 /* DetectorType.swift in Sources */ = {isa = PBXBuildFile; fileRef = B7A03F211F866895006AEF79 /* DetectorType.swift */; };
		B7A03F2D1F866895006AEF79 /* LabelAlignment.swift in Sources */ = {isa = PBXBuildFile; fileRef = B7A03F221F866895006AEF79 /* LabelAlignment.swift */; };
		B7A03F2E1F866895006AEF79 /* MessageKind.swift in Sources */ = {isa = PBXBuildFile; fileRef = B7A03F231F866895006AEF79 /* MessageKind.swift */; };
		B7A03F3A1F866946006AEF79 /* TextMessageCell.swift in Sources */ = {isa = PBXBuildFile; fileRef = B7A03F361F866946006AEF79 /* TextMessageCell.swift */; };
		B7A03F3C1F866946006AEF79 /* LocationMessageCell.swift in Sources */ = {isa = PBXBuildFile; fileRef = B7A03F381F866946006AEF79 /* LocationMessageCell.swift */; };
		B7A03F3D1F866946006AEF79 /* MediaMessageCell.swift in Sources */ = {isa = PBXBuildFile; fileRef = B7A03F391F866946006AEF79 /* MediaMessageCell.swift */; };
		B7A03F461F86694F006AEF79 /* AvatarView.swift in Sources */ = {isa = PBXBuildFile; fileRef = B7A03F3E1F86694F006AEF79 /* AvatarView.swift */; };
		B7A03F471F86694F006AEF79 /* MessageLabel.swift in Sources */ = {isa = PBXBuildFile; fileRef = B7A03F3F1F86694F006AEF79 /* MessageLabel.swift */; };
		B7A03F4B1F86694F006AEF79 /* MessageContainerView.swift in Sources */ = {isa = PBXBuildFile; fileRef = B7A03F431F86694F006AEF79 /* MessageContainerView.swift */; };
		B7A03F4C1F86694F006AEF79 /* PlayButtonView.swift in Sources */ = {isa = PBXBuildFile; fileRef = B7A03F441F86694F006AEF79 /* PlayButtonView.swift */; };
		B7A03F4D1F86694F006AEF79 /* MessagesCollectionView.swift in Sources */ = {isa = PBXBuildFile; fileRef = B7A03F451F86694F006AEF79 /* MessagesCollectionView.swift */; };
		B7A03F4F1F86697C006AEF79 /* MessagesViewController.swift in Sources */ = {isa = PBXBuildFile; fileRef = B7A03F4E1F86697C006AEF79 /* MessagesViewController.swift */; };
		B7A03F5B1F8669CA006AEF79 /* MessageType.swift in Sources */ = {isa = PBXBuildFile; fileRef = B7A03F511F8669C9006AEF79 /* MessageType.swift */; };
		B7A03F5C1F8669CA006AEF79 /* MessageCellDelegate.swift in Sources */ = {isa = PBXBuildFile; fileRef = B7A03F521F8669C9006AEF79 /* MessageCellDelegate.swift */; };
		B7A03F5E1F8669CA006AEF79 /* MessagesLayoutDelegate.swift in Sources */ = {isa = PBXBuildFile; fileRef = B7A03F541F8669C9006AEF79 /* MessagesLayoutDelegate.swift */; };
		B7A03F5F1F8669CA006AEF79 /* MessageLabelDelegate.swift in Sources */ = {isa = PBXBuildFile; fileRef = B7A03F551F8669C9006AEF79 /* MessageLabelDelegate.swift */; };
		B7A03F601F8669CA006AEF79 /* MessagesDisplayDelegate.swift in Sources */ = {isa = PBXBuildFile; fileRef = B7A03F561F8669C9006AEF79 /* MessagesDisplayDelegate.swift */; };
		B7A03F611F8669CA006AEF79 /* MessagesDataSource.swift in Sources */ = {isa = PBXBuildFile; fileRef = B7A03F571F8669CA006AEF79 /* MessagesDataSource.swift */; };
		B7A03F6B1F8669EB006AEF79 /* UIColor+Extensions.swift in Sources */ = {isa = PBXBuildFile; fileRef = B7A03F651F8669EB006AEF79 /* UIColor+Extensions.swift */; };
		B7A03F6C1F8669EB006AEF79 /* UIView+Extensions.swift in Sources */ = {isa = PBXBuildFile; fileRef = B7A03F661F8669EB006AEF79 /* UIView+Extensions.swift */; };
		B7A03F6D1F8669EB006AEF79 /* Bundle+Extensions.swift in Sources */ = {isa = PBXBuildFile; fileRef = B7A03F671F8669EB006AEF79 /* Bundle+Extensions.swift */; };
		B7A03F6E1F8669EB006AEF79 /* NSAttributedString+Extensions.swift in Sources */ = {isa = PBXBuildFile; fileRef = B7A03F681F8669EB006AEF79 /* NSAttributedString+Extensions.swift */; };
		B7A03F731F866A06006AEF79 /* MessageKit+Availability.swift in Sources */ = {isa = PBXBuildFile; fileRef = B7A03F701F866A06006AEF79 /* MessageKit+Availability.swift */; };
		B7A03F751F866A06006AEF79 /* MessageKit.h in Headers */ = {isa = PBXBuildFile; fileRef = B7A03F721F866A06006AEF79 /* MessageKit.h */; settings = {ATTRIBUTES = (Public, ); }; };
		B7A03F7B1F866B85006AEF79 /* MessageCollectionViewCell.swift in Sources */ = {isa = PBXBuildFile; fileRef = B7A03F7A1F866B85006AEF79 /* MessageCollectionViewCell.swift */; };
/* End PBXBuildFile section */

/* Begin PBXContainerItemProxy section */
		88916B2E1CF0DF2F00469F91 /* PBXContainerItemProxy */ = {
			isa = PBXContainerItemProxy;
			containerPortal = 88916B191CF0DF2F00469F91 /* Project object */;
			proxyType = 1;
			remoteGlobalIDString = 88916B211CF0DF2F00469F91;
			remoteInfo = MessageKit;
		};
/* End PBXContainerItemProxy section */

/* Begin PBXCopyFilesBuildPhase section */
		1F087D431FD274D300E95A45 /* CopyFiles */ = {
			isa = PBXCopyFilesBuildPhase;
			buildActionMask = 2147483647;
			dstPath = "";
			dstSubfolderSpec = 10;
			files = (
				1F087D451FD274FD00E95A45 /* Nimble.framework in CopyFiles */,
				1F087D461FD274FD00E95A45 /* Quick.framework in CopyFiles */,
			);
			runOnlyForDeploymentPostprocessing = 0;
		};
/* End PBXCopyFilesBuildPhase section */

/* Begin PBXFileReference section */
		0EE91E651FDEC887005420A2 /* CGRect+Extensions.swift */ = {isa = PBXFileReference; fileEncoding = 4; lastKnownFileType = sourcecode.swift; path = "CGRect+Extensions.swift"; sourceTree = "<group>"; };
		0EF0888B206F7E83007F2F58 /* CellSizeCalculator.swift */ = {isa = PBXFileReference; fileEncoding = 4; lastKnownFileType = sourcecode.swift; path = CellSizeCalculator.swift; sourceTree = "<group>"; };
		1F066E101FD90A0600E11013 /* MessageLabelSpec.swift */ = {isa = PBXFileReference; lastKnownFileType = sourcecode.swift; path = MessageLabelSpec.swift; sourceTree = "<group>"; };
		1F066E1C1FDA3C1700E11013 /* SenderSpec.swift */ = {isa = PBXFileReference; lastKnownFileType = sourcecode.swift; path = SenderSpec.swift; sourceTree = "<group>"; };
		1F066E201FDA3DEA00E11013 /* AvatarSpec.swift */ = {isa = PBXFileReference; lastKnownFileType = sourcecode.swift; path = AvatarSpec.swift; sourceTree = "<group>"; };
		1F066E221FDA3F0200E11013 /* DetectorTypeSpec.swift */ = {isa = PBXFileReference; lastKnownFileType = sourcecode.swift; path = DetectorTypeSpec.swift; sourceTree = "<group>"; };
		1F6C040B206A2891007BDE44 /* MessageContentCell.swift */ = {isa = PBXFileReference; lastKnownFileType = sourcecode.swift; path = MessageContentCell.swift; sourceTree = "<group>"; };
		1F6C040D206A2AF4007BDE44 /* MessageReusableView.swift */ = {isa = PBXFileReference; lastKnownFileType = sourcecode.swift; path = MessageReusableView.swift; sourceTree = "<group>"; };
		1F7FC8C31FD26F22006CC979 /* Carthage */ = {isa = PBXFileReference; lastKnownFileType = folder; path = Carthage; sourceTree = "<group>"; };
		1F7FC8C51FD26F33006CC979 /* Quick.framework */ = {isa = PBXFileReference; lastKnownFileType = wrapper.framework; name = Quick.framework; path = Carthage/Build/iOS/Quick.framework; sourceTree = "<group>"; };
		1F7FC8C71FD26F49006CC979 /* Nimble.framework */ = {isa = PBXFileReference; lastKnownFileType = wrapper.framework; name = Nimble.framework; path = Carthage/Build/iOS/Nimble.framework; sourceTree = "<group>"; };
		1F7FC8CB1FD2700B006CC979 /* MessagesViewControllerSpec.swift */ = {isa = PBXFileReference; lastKnownFileType = sourcecode.swift; path = MessagesViewControllerSpec.swift; sourceTree = "<group>"; };
		1F82D1421FB1B75B00B81A88 /* AvatarPosition.swift */ = {isa = PBXFileReference; lastKnownFileType = sourcecode.swift; path = AvatarPosition.swift; sourceTree = "<group>"; };
		1FCA6D2F201C1CC900BC3480 /* UIEdgeInsets+Extensions.swift */ = {isa = PBXFileReference; lastKnownFileType = sourcecode.swift; path = "UIEdgeInsets+Extensions.swift"; sourceTree = "<group>"; };
		1FD5895F2064E08A004B5081 /* MediaItem.swift */ = {isa = PBXFileReference; lastKnownFileType = sourcecode.swift; path = MediaItem.swift; sourceTree = "<group>"; };
		1FD5896320660C1C004B5081 /* LocationItem.swift */ = {isa = PBXFileReference; lastKnownFileType = sourcecode.swift; path = LocationItem.swift; sourceTree = "<group>"; };
		1FE7839D20662835007FA024 /* MessageSizeCalculator.swift */ = {isa = PBXFileReference; lastKnownFileType = sourcecode.swift; path = MessageSizeCalculator.swift; sourceTree = "<group>"; };
		1FE783A120662905007FA024 /* TextMessageSizeCalculator.swift */ = {isa = PBXFileReference; lastKnownFileType = sourcecode.swift; path = TextMessageSizeCalculator.swift; sourceTree = "<group>"; };
		1FE783A3206629A5007FA024 /* MediaMessageSizeCalculator.swift */ = {isa = PBXFileReference; lastKnownFileType = sourcecode.swift; path = MediaMessageSizeCalculator.swift; sourceTree = "<group>"; };
		1FE783A5206629C2007FA024 /* LocationMessageSizeCalculator.swift */ = {isa = PBXFileReference; lastKnownFileType = sourcecode.swift; path = LocationMessageSizeCalculator.swift; sourceTree = "<group>"; };
		1FE783A7206633C0007FA024 /* InsetLabel.swift */ = {isa = PBXFileReference; lastKnownFileType = sourcecode.swift; path = InsetLabel.swift; sourceTree = "<group>"; };
		1FF377A320087C82004FD648 /* MessageKitError.swift */ = {isa = PBXFileReference; lastKnownFileType = sourcecode.swift; path = MessageKitError.swift; sourceTree = "<group>"; };
		1FF377A920087D78004FD648 /* MessagesViewController+Menu.swift */ = {isa = PBXFileReference; lastKnownFileType = sourcecode.swift; path = "MessagesViewController+Menu.swift"; sourceTree = "<group>"; };
		1FF377AB20087DA2004FD648 /* MessagesViewController+Keyboard.swift */ = {isa = PBXFileReference; lastKnownFileType = sourcecode.swift; path = "MessagesViewController+Keyboard.swift"; sourceTree = "<group>"; };
		382C794121705D2000F4FAF5 /* HorizontalEdgeInsets.swift */ = {isa = PBXFileReference; lastKnownFileType = sourcecode.swift; path = HorizontalEdgeInsets.swift; sourceTree = "<group>"; };
		383B9EB021728BAD008AB91A /* SenderType.swift */ = {isa = PBXFileReference; lastKnownFileType = sourcecode.swift; path = SenderType.swift; sourceTree = "<group>"; };
		388119452253EC30004B26AF /* TypingIndicatorCellSizeCalculator.swift */ = {isa = PBXFileReference; lastKnownFileType = sourcecode.swift; path = TypingIndicatorCellSizeCalculator.swift; sourceTree = "<group>"; };
		38A2230E221FB8A300D14DAF /* MessageInputBar.swift */ = {isa = PBXFileReference; lastKnownFileType = sourcecode.swift; path = MessageInputBar.swift; sourceTree = "<group>"; };
		38A223102223493400D14DAF /* InputBarAccessoryView.framework */ = {isa = PBXFileReference; lastKnownFileType = wrapper.framework; name = InputBarAccessoryView.framework; path = Carthage/Build/iOS/InputBarAccessoryView.framework; sourceTree = "<group>"; };
		38C2AE7B20D4878D00F8079E /* MessageInputBar.framework */ = {isa = PBXFileReference; lastKnownFileType = wrapper.framework; name = MessageInputBar.framework; path = Carthage/Build/iOS/MessageInputBar.framework; sourceTree = "<group>"; };
		38F8062D2173CD4300CDB9DB /* MockUser.swift */ = {isa = PBXFileReference; lastKnownFileType = sourcecode.swift; path = MockUser.swift; sourceTree = "<group>"; };
		38F8063021740D9D00CDB9DB /* TypingIndicator.swift */ = {isa = PBXFileReference; fileEncoding = 4; lastKnownFileType = sourcecode.swift; path = TypingIndicator.swift; sourceTree = "<group>"; };
		38F8063121740D9D00CDB9DB /* BubbleCircle.swift */ = {isa = PBXFileReference; fileEncoding = 4; lastKnownFileType = sourcecode.swift; path = BubbleCircle.swift; sourceTree = "<group>"; };
		38F8063421740DAD00CDB9DB /* TypingBubble.swift */ = {isa = PBXFileReference; fileEncoding = 4; lastKnownFileType = sourcecode.swift; path = TypingBubble.swift; sourceTree = "<group>"; };
		38F8063621740DD500CDB9DB /* TypingIndicatorCell.swift */ = {isa = PBXFileReference; fileEncoding = 4; lastKnownFileType = sourcecode.swift; path = TypingIndicatorCell.swift; sourceTree = "<group>"; };
		4C508648221C0BBA0043943C /* AccessoryPosition.swift */ = {isa = PBXFileReference; fileEncoding = 4; lastKnownFileType = sourcecode.swift; path = AccessoryPosition.swift; sourceTree = "<group>"; };
		5073C1142175BE750040EAD5 /* AudioItem.swift */ = {isa = PBXFileReference; fileEncoding = 4; lastKnownFileType = sourcecode.swift; path = AudioItem.swift; sourceTree = "<group>"; };
		5073C1182175BE950040EAD5 /* AudioMessageCell.swift */ = {isa = PBXFileReference; fileEncoding = 4; lastKnownFileType = sourcecode.swift; path = AudioMessageCell.swift; sourceTree = "<group>"; };
		5073C11C2175BEC60040EAD5 /* AudioMessageSizeCalculator.swift */ = {isa = PBXFileReference; fileEncoding = 4; lastKnownFileType = sourcecode.swift; path = AudioMessageSizeCalculator.swift; sourceTree = "<group>"; };
		5073C1222175C1980040EAD5 /* sound1.m4a */ = {isa = PBXFileReference; lastKnownFileType = file; path = sound1.m4a; sourceTree = "<group>"; };
		50FF34542237FE4C0004DCD7 /* ContactItem.swift */ = {isa = PBXFileReference; fileEncoding = 4; lastKnownFileType = sourcecode.swift; path = ContactItem.swift; sourceTree = "<group>"; };
		50FF34562237FE6A0004DCD7 /* UIImage+Extension.swift */ = {isa = PBXFileReference; fileEncoding = 4; lastKnownFileType = sourcecode.swift; path = "UIImage+Extension.swift"; sourceTree = "<group>"; };
		50FF34582237FE840004DCD7 /* ContactMessageCell.swift */ = {isa = PBXFileReference; fileEncoding = 4; lastKnownFileType = sourcecode.swift; path = ContactMessageCell.swift; sourceTree = "<group>"; };
		50FF345A2237FE9C0004DCD7 /* ContactMessageSizeCalculator.swift */ = {isa = PBXFileReference; fileEncoding = 4; lastKnownFileType = sourcecode.swift; path = ContactMessageSizeCalculator.swift; sourceTree = "<group>"; };
		88916B221CF0DF2F00469F91 /* MessageKit.framework */ = {isa = PBXFileReference; explicitFileType = wrapper.framework; includeInIndex = 0; path = MessageKit.framework; sourceTree = BUILT_PRODUCTS_DIR; };
		88916B2C1CF0DF2F00469F91 /* MessageKitTests.xctest */ = {isa = PBXFileReference; explicitFileType = wrapper.cfbundle; includeInIndex = 0; path = MessageKitTests.xctest; sourceTree = BUILT_PRODUCTS_DIR; };
		8962AC741F87AB230030B058 /* MessageKitDateFormatterTests.swift */ = {isa = PBXFileReference; lastKnownFileType = sourcecode.swift; path = MessageKitDateFormatterTests.swift; sourceTree = "<group>"; };
		8962AC751F87AB230030B058 /* MessageStyleTests.swift */ = {isa = PBXFileReference; lastKnownFileType = sourcecode.swift; path = MessageStyleTests.swift; sourceTree = "<group>"; };
		8962AC7A1F87AB230030B058 /* MockMessagesDataSource.swift */ = {isa = PBXFileReference; lastKnownFileType = sourcecode.swift; path = MockMessagesDataSource.swift; sourceTree = "<group>"; };
		8962AC7B1F87AB230030B058 /* MockMessage.swift */ = {isa = PBXFileReference; lastKnownFileType = sourcecode.swift; path = MockMessage.swift; sourceTree = "<group>"; };
		8962AC7D1F87AB230030B058 /* MessagesViewControllerTests.swift */ = {isa = PBXFileReference; lastKnownFileType = sourcecode.swift; path = MessagesViewControllerTests.swift; sourceTree = "<group>"; };
		8962AC7F1F87AB230030B058 /* Info.plist */ = {isa = PBXFileReference; lastKnownFileType = text.plist.xml; path = Info.plist; sourceTree = "<group>"; };
		8962AC811F87AB230030B058 /* MessagesDisplayDelegateTests.swift */ = {isa = PBXFileReference; lastKnownFileType = sourcecode.swift; path = MessagesDisplayDelegateTests.swift; sourceTree = "<group>"; };
		8962AC831F87AB230030B058 /* MessagesCollectionViewTests.swift */ = {isa = PBXFileReference; lastKnownFileType = sourcecode.swift; path = MessagesCollectionViewTests.swift; sourceTree = "<group>"; };
		8962AC851F87AB230030B058 /* AvatarViewTests.swift */ = {isa = PBXFileReference; lastKnownFileType = sourcecode.swift; path = AvatarViewTests.swift; sourceTree = "<group>"; };
		8962AC861F87AB230030B058 /* MessageCollectionViewCellTests.swift */ = {isa = PBXFileReference; lastKnownFileType = sourcecode.swift; path = MessageCollectionViewCellTests.swift; sourceTree = "<group>"; };
		B0C8D99A1F73076B000A86E4 /* MessageKitAssets.bundle */ = {isa = PBXFileReference; lastKnownFileType = "wrapper.plug-in"; path = MessageKitAssets.bundle; sourceTree = "<group>"; };
		B7A03F161F86682C006AEF79 /* MessagesCollectionViewFlowLayout.swift */ = {isa = PBXFileReference; fileEncoding = 4; lastKnownFileType = sourcecode.swift; path = MessagesCollectionViewFlowLayout.swift; sourceTree = "<group>"; };
		B7A03F171F86682C006AEF79 /* MessagesCollectionViewLayoutAttributes.swift */ = {isa = PBXFileReference; fileEncoding = 4; lastKnownFileType = sourcecode.swift; path = MessagesCollectionViewLayoutAttributes.swift; sourceTree = "<group>"; };
		B7A03F1A1F866895006AEF79 /* NSConstraintLayoutSet.swift */ = {isa = PBXFileReference; fileEncoding = 4; lastKnownFileType = sourcecode.swift; path = NSConstraintLayoutSet.swift; sourceTree = "<group>"; };
		B7A03F1B1F866895006AEF79 /* MessageKitDateFormatter.swift */ = {isa = PBXFileReference; fileEncoding = 4; lastKnownFileType = sourcecode.swift; path = MessageKitDateFormatter.swift; sourceTree = "<group>"; };
		B7A03F1C1F866895006AEF79 /* Avatar.swift */ = {isa = PBXFileReference; fileEncoding = 4; lastKnownFileType = sourcecode.swift; path = Avatar.swift; sourceTree = "<group>"; };
		B7A03F1D1F866895006AEF79 /* LocationMessageSnapshotOptions.swift */ = {isa = PBXFileReference; fileEncoding = 4; lastKnownFileType = sourcecode.swift; path = LocationMessageSnapshotOptions.swift; sourceTree = "<group>"; };
		B7A03F1E1F866895006AEF79 /* Sender.swift */ = {isa = PBXFileReference; fileEncoding = 4; lastKnownFileType = sourcecode.swift; path = Sender.swift; sourceTree = "<group>"; };
		B7A03F1F1F866895006AEF79 /* MessageStyle.swift */ = {isa = PBXFileReference; fileEncoding = 4; lastKnownFileType = sourcecode.swift; path = MessageStyle.swift; sourceTree = "<group>"; };
		B7A03F211F866895006AEF79 /* DetectorType.swift */ = {isa = PBXFileReference; fileEncoding = 4; lastKnownFileType = sourcecode.swift; path = DetectorType.swift; sourceTree = "<group>"; };
		B7A03F221F866895006AEF79 /* LabelAlignment.swift */ = {isa = PBXFileReference; fileEncoding = 4; lastKnownFileType = sourcecode.swift; path = LabelAlignment.swift; sourceTree = "<group>"; };
		B7A03F231F866895006AEF79 /* MessageKind.swift */ = {isa = PBXFileReference; fileEncoding = 4; lastKnownFileType = sourcecode.swift; path = MessageKind.swift; sourceTree = "<group>"; };
		B7A03F361F866946006AEF79 /* TextMessageCell.swift */ = {isa = PBXFileReference; fileEncoding = 4; lastKnownFileType = sourcecode.swift; path = TextMessageCell.swift; sourceTree = "<group>"; };
		B7A03F381F866946006AEF79 /* LocationMessageCell.swift */ = {isa = PBXFileReference; fileEncoding = 4; lastKnownFileType = sourcecode.swift; path = LocationMessageCell.swift; sourceTree = "<group>"; };
		B7A03F391F866946006AEF79 /* MediaMessageCell.swift */ = {isa = PBXFileReference; fileEncoding = 4; lastKnownFileType = sourcecode.swift; path = MediaMessageCell.swift; sourceTree = "<group>"; };
		B7A03F3E1F86694F006AEF79 /* AvatarView.swift */ = {isa = PBXFileReference; fileEncoding = 4; lastKnownFileType = sourcecode.swift; path = AvatarView.swift; sourceTree = "<group>"; };
		B7A03F3F1F86694F006AEF79 /* MessageLabel.swift */ = {isa = PBXFileReference; fileEncoding = 4; lastKnownFileType = sourcecode.swift; path = MessageLabel.swift; sourceTree = "<group>"; };
		B7A03F431F86694F006AEF79 /* MessageContainerView.swift */ = {isa = PBXFileReference; fileEncoding = 4; lastKnownFileType = sourcecode.swift; path = MessageContainerView.swift; sourceTree = "<group>"; };
		B7A03F441F86694F006AEF79 /* PlayButtonView.swift */ = {isa = PBXFileReference; fileEncoding = 4; lastKnownFileType = sourcecode.swift; path = PlayButtonView.swift; sourceTree = "<group>"; };
		B7A03F451F86694F006AEF79 /* MessagesCollectionView.swift */ = {isa = PBXFileReference; fileEncoding = 4; lastKnownFileType = sourcecode.swift; path = MessagesCollectionView.swift; sourceTree = "<group>"; };
		B7A03F4E1F86697C006AEF79 /* MessagesViewController.swift */ = {isa = PBXFileReference; fileEncoding = 4; lastKnownFileType = sourcecode.swift; path = MessagesViewController.swift; sourceTree = "<group>"; };
		B7A03F511F8669C9006AEF79 /* MessageType.swift */ = {isa = PBXFileReference; fileEncoding = 4; lastKnownFileType = sourcecode.swift; path = MessageType.swift; sourceTree = "<group>"; };
		B7A03F521F8669C9006AEF79 /* MessageCellDelegate.swift */ = {isa = PBXFileReference; fileEncoding = 4; lastKnownFileType = sourcecode.swift; path = MessageCellDelegate.swift; sourceTree = "<group>"; };
		B7A03F541F8669C9006AEF79 /* MessagesLayoutDelegate.swift */ = {isa = PBXFileReference; fileEncoding = 4; lastKnownFileType = sourcecode.swift; path = MessagesLayoutDelegate.swift; sourceTree = "<group>"; };
		B7A03F551F8669C9006AEF79 /* MessageLabelDelegate.swift */ = {isa = PBXFileReference; fileEncoding = 4; lastKnownFileType = sourcecode.swift; path = MessageLabelDelegate.swift; sourceTree = "<group>"; };
		B7A03F561F8669C9006AEF79 /* MessagesDisplayDelegate.swift */ = {isa = PBXFileReference; fileEncoding = 4; lastKnownFileType = sourcecode.swift; path = MessagesDisplayDelegate.swift; sourceTree = "<group>"; };
		B7A03F571F8669CA006AEF79 /* MessagesDataSource.swift */ = {isa = PBXFileReference; fileEncoding = 4; lastKnownFileType = sourcecode.swift; path = MessagesDataSource.swift; sourceTree = "<group>"; };
		B7A03F651F8669EB006AEF79 /* UIColor+Extensions.swift */ = {isa = PBXFileReference; fileEncoding = 4; lastKnownFileType = sourcecode.swift; path = "UIColor+Extensions.swift"; sourceTree = "<group>"; };
		B7A03F661F8669EB006AEF79 /* UIView+Extensions.swift */ = {isa = PBXFileReference; fileEncoding = 4; lastKnownFileType = sourcecode.swift; path = "UIView+Extensions.swift"; sourceTree = "<group>"; };
		B7A03F671F8669EB006AEF79 /* Bundle+Extensions.swift */ = {isa = PBXFileReference; fileEncoding = 4; lastKnownFileType = sourcecode.swift; path = "Bundle+Extensions.swift"; sourceTree = "<group>"; };
		B7A03F681F8669EB006AEF79 /* NSAttributedString+Extensions.swift */ = {isa = PBXFileReference; fileEncoding = 4; lastKnownFileType = sourcecode.swift; path = "NSAttributedString+Extensions.swift"; sourceTree = "<group>"; };
		B7A03F701F866A06006AEF79 /* MessageKit+Availability.swift */ = {isa = PBXFileReference; fileEncoding = 4; lastKnownFileType = sourcecode.swift; path = "MessageKit+Availability.swift"; sourceTree = "<group>"; };
		B7A03F711F866A06006AEF79 /* Info.plist */ = {isa = PBXFileReference; fileEncoding = 4; lastKnownFileType = text.plist.xml; path = Info.plist; sourceTree = "<group>"; };
		B7A03F721F866A06006AEF79 /* MessageKit.h */ = {isa = PBXFileReference; fileEncoding = 4; lastKnownFileType = sourcecode.c.h; path = MessageKit.h; sourceTree = "<group>"; };
		B7A03F7A1F866B85006AEF79 /* MessageCollectionViewCell.swift */ = {isa = PBXFileReference; fileEncoding = 4; lastKnownFileType = sourcecode.swift; path = MessageCollectionViewCell.swift; sourceTree = "<group>"; };
/* End PBXFileReference section */

/* Begin PBXFrameworksBuildPhase section */
		88916B1E1CF0DF2F00469F91 /* Frameworks */ = {
			isa = PBXFrameworksBuildPhase;
			buildActionMask = 2147483647;
			files = (
				38A223112223493500D14DAF /* InputBarAccessoryView.framework in Frameworks */,
			);
			runOnlyForDeploymentPostprocessing = 0;
		};
		88916B291CF0DF2F00469F91 /* Frameworks */ = {
			isa = PBXFrameworksBuildPhase;
			buildActionMask = 2147483647;
			files = (
				1F7FC8C81FD26F49006CC979 /* Nimble.framework in Frameworks */,
				1F7FC8C61FD26F33006CC979 /* Quick.framework in Frameworks */,
				88916B2D1CF0DF2F00469F91 /* MessageKit.framework in Frameworks */,
			);
			runOnlyForDeploymentPostprocessing = 0;
		};
/* End PBXFrameworksBuildPhase section */

/* Begin PBXGroup section */
		1F7FC8C21FD26F22006CC979 /* Frameworks */ = {
			isa = PBXGroup;
			children = (
				38A223102223493400D14DAF /* InputBarAccessoryView.framework */,
				38C2AE7B20D4878D00F8079E /* MessageInputBar.framework */,
				1F7FC8C71FD26F49006CC979 /* Nimble.framework */,
				1F7FC8C51FD26F33006CC979 /* Quick.framework */,
				1F7FC8C31FD26F22006CC979 /* Carthage */,
			);
			name = Frameworks;
			sourceTree = "<group>";
		};
		2EB618F01F84676A007FBA0E /* Cells */ = {
			isa = PBXGroup;
			children = (
				B7A03F381F866946006AEF79 /* LocationMessageCell.swift */,
				B7A03F391F866946006AEF79 /* MediaMessageCell.swift */,
				5073C1182175BE950040EAD5 /* AudioMessageCell.swift */,
				50FF34582237FE840004DCD7 /* ContactMessageCell.swift */,
				B7A03F7A1F866B85006AEF79 /* MessageCollectionViewCell.swift */,
				1F6C040B206A2891007BDE44 /* MessageContentCell.swift */,
				B7A03F361F866946006AEF79 /* TextMessageCell.swift */,
				38F8063621740DD500CDB9DB /* TypingIndicatorCell.swift */,
			);
			path = Cells;
			sourceTree = "<group>";
		};
		2EB618F11F846899007FBA0E /* HeadersFooters */ = {
			isa = PBXGroup;
			children = (
				1F6C040D206A2AF4007BDE44 /* MessageReusableView.swift */,
			);
			path = HeadersFooters;
			sourceTree = "<group>";
		};
		5073C1212175C1580040EAD5 /* Resources */ = {
			isa = PBXGroup;
			children = (
				5073C1222175C1980040EAD5 /* sound1.m4a */,
			);
			path = Resources;
			sourceTree = "<group>";
		};
		88916B181CF0DF2F00469F91 = {
			isa = PBXGroup;
			children = (
				88916B3C1CF0DF5100469F91 /* Sources */,
				88916B411CF0DF5900469F91 /* Tests */,
				88916B231CF0DF2F00469F91 /* Products */,
				1F7FC8C21FD26F22006CC979 /* Frameworks */,
			);
			sourceTree = "<group>";
			usesTabs = 0;
		};
		88916B231CF0DF2F00469F91 /* Products */ = {
			isa = PBXGroup;
			children = (
				88916B221CF0DF2F00469F91 /* MessageKit.framework */,
				88916B2C1CF0DF2F00469F91 /* MessageKitTests.xctest */,
			);
			name = Products;
			sourceTree = "<group>";
		};
		88916B3C1CF0DF5100469F91 /* Sources */ = {
			isa = PBXGroup;
			children = (
				B01E2DCC1F5BA34700E4FA1C /* Assets */,
				B096439D1F295DC3004D0129 /* Layout */,
				B09643991F295D58004D0129 /* Models */,
				B096439A1F295D68004D0129 /* Views */,
				B096439C1F295DA9004D0129 /* Controllers */,
				B096439B1F295D82004D0129 /* Protocols */,
				B09643981F295D43004D0129 /* Extensions */,
				B096439E1F295DD7004D0129 /* Supporting */,
			);
			path = Sources;
			sourceTree = "<group>";
		};
		88916B411CF0DF5900469F91 /* Tests */ = {
			isa = PBXGroup;
			children = (
				1F066E201FDA3DEA00E11013 /* AvatarSpec.swift */,
				1F066E221FDA3F0200E11013 /* DetectorTypeSpec.swift */,
				1F066E1C1FDA3C1700E11013 /* SenderSpec.swift */,
				8962AC7C1F87AB230030B058 /* ControllersTest */,
				8962AC791F87AB230030B058 /* Mocks */,
				8962AC731F87AB230030B058 /* ModelTests */,
				8962AC801F87AB230030B058 /* ProtocolsTests */,
				8962AC7E1F87AB230030B058 /* Supporting Files */,
				8962AC821F87AB230030B058 /* ViewsTests */,
				5073C1212175C1580040EAD5 /* Resources */,
			);
			path = Tests;
			sourceTree = SOURCE_ROOT;
		};
		8962AC731F87AB230030B058 /* ModelTests */ = {
			isa = PBXGroup;
			children = (
				8962AC741F87AB230030B058 /* MessageKitDateFormatterTests.swift */,
				8962AC751F87AB230030B058 /* MessageStyleTests.swift */,
			);
			path = ModelTests;
			sourceTree = "<group>";
		};
		8962AC791F87AB230030B058 /* Mocks */ = {
			isa = PBXGroup;
			children = (
				8962AC7B1F87AB230030B058 /* MockMessage.swift */,
				8962AC7A1F87AB230030B058 /* MockMessagesDataSource.swift */,
				38F8062D2173CD4300CDB9DB /* MockUser.swift */,
			);
			path = Mocks;
			sourceTree = "<group>";
		};
		8962AC7C1F87AB230030B058 /* ControllersTest */ = {
			isa = PBXGroup;
			children = (
				1F066E101FD90A0600E11013 /* MessageLabelSpec.swift */,
				1F7FC8CB1FD2700B006CC979 /* MessagesViewControllerSpec.swift */,
				8962AC7D1F87AB230030B058 /* MessagesViewControllerTests.swift */,
			);
			path = ControllersTest;
			sourceTree = "<group>";
		};
		8962AC7E1F87AB230030B058 /* Supporting Files */ = {
			isa = PBXGroup;
			children = (
				8962AC7F1F87AB230030B058 /* Info.plist */,
			);
			path = "Supporting Files";
			sourceTree = "<group>";
		};
		8962AC801F87AB230030B058 /* ProtocolsTests */ = {
			isa = PBXGroup;
			children = (
				8962AC811F87AB230030B058 /* MessagesDisplayDelegateTests.swift */,
			);
			path = ProtocolsTests;
			sourceTree = "<group>";
		};
		8962AC821F87AB230030B058 /* ViewsTests */ = {
			isa = PBXGroup;
			children = (
				8962AC831F87AB230030B058 /* MessagesCollectionViewTests.swift */,
				8962AC851F87AB230030B058 /* AvatarViewTests.swift */,
				8962AC861F87AB230030B058 /* MessageCollectionViewCellTests.swift */,
			);
			path = ViewsTests;
			sourceTree = "<group>";
		};
		B01E2DCC1F5BA34700E4FA1C /* Assets */ = {
			isa = PBXGroup;
			children = (
				B0C8D99A1F73076B000A86E4 /* MessageKitAssets.bundle */,
			);
			name = Assets;
			path = ../Assets;
			sourceTree = "<group>";
		};
		B09643981F295D43004D0129 /* Extensions */ = {
			isa = PBXGroup;
			children = (
				50FF34562237FE6A0004DCD7 /* UIImage+Extension.swift */,
				0EE91E651FDEC887005420A2 /* CGRect+Extensions.swift */,
				B7A03F671F8669EB006AEF79 /* Bundle+Extensions.swift */,
				B7A03F681F8669EB006AEF79 /* NSAttributedString+Extensions.swift */,
				B7A03F651F8669EB006AEF79 /* UIColor+Extensions.swift */,
				B7A03F661F8669EB006AEF79 /* UIView+Extensions.swift */,
				1FCA6D2F201C1CC900BC3480 /* UIEdgeInsets+Extensions.swift */,
			);
			path = Extensions;
			sourceTree = "<group>";
		};
		B09643991F295D58004D0129 /* Models */ = {
			isa = PBXGroup;
			children = (
				4C508648221C0BBA0043943C /* AccessoryPosition.swift */,
				B7A03F1C1F866895006AEF79 /* Avatar.swift */,
				1F82D1421FB1B75B00B81A88 /* AvatarPosition.swift */,
				B7A03F211F866895006AEF79 /* DetectorType.swift */,
				382C794121705D2000F4FAF5 /* HorizontalEdgeInsets.swift */,
				B7A03F221F866895006AEF79 /* LabelAlignment.swift */,
				B7A03F1D1F866895006AEF79 /* LocationMessageSnapshotOptions.swift */,
				B7A03F231F866895006AEF79 /* MessageKind.swift */,
				B7A03F1B1F866895006AEF79 /* MessageKitDateFormatter.swift */,
				1FF377A320087C82004FD648 /* MessageKitError.swift */,
				B7A03F1F1F866895006AEF79 /* MessageStyle.swift */,
				B7A03F1A1F866895006AEF79 /* NSConstraintLayoutSet.swift */,
				B7A03F1E1F866895006AEF79 /* Sender.swift */,
			);
			path = Models;
			sourceTree = "<group>";
		};
		B096439A1F295D68004D0129 /* Views */ = {
			isa = PBXGroup;
			children = (
				2EB618F01F84676A007FBA0E /* Cells */,
				2EB618F11F846899007FBA0E /* HeadersFooters */,
				B7A03F3E1F86694F006AEF79 /* AvatarView.swift */,
				38F8063121740D9D00CDB9DB /* BubbleCircle.swift */,
				38F8063421740DAD00CDB9DB /* TypingBubble.swift */,
				1FE783A7206633C0007FA024 /* InsetLabel.swift */,
				B7A03F431F86694F006AEF79 /* MessageContainerView.swift */,
				B7A03F3F1F86694F006AEF79 /* MessageLabel.swift */,
				B7A03F451F86694F006AEF79 /* MessagesCollectionView.swift */,
				B7A03F441F86694F006AEF79 /* PlayButtonView.swift */,
				38F8063021740D9D00CDB9DB /* TypingIndicator.swift */,
			);
			path = Views;
			sourceTree = "<group>";
		};
		B096439B1F295D82004D0129 /* Protocols */ = {
			isa = PBXGroup;
			children = (
				50FF34542237FE4C0004DCD7 /* ContactItem.swift */,
				B7A03F521F8669C9006AEF79 /* MessageCellDelegate.swift */,
				B7A03F551F8669C9006AEF79 /* MessageLabelDelegate.swift */,
				B7A03F571F8669CA006AEF79 /* MessagesDataSource.swift */,
				B7A03F561F8669C9006AEF79 /* MessagesDisplayDelegate.swift */,
				B7A03F541F8669C9006AEF79 /* MessagesLayoutDelegate.swift */,
				B7A03F511F8669C9006AEF79 /* MessageType.swift */,
				383B9EB021728BAD008AB91A /* SenderType.swift */,
				1FD5895F2064E08A004B5081 /* MediaItem.swift */,
				1FD5896320660C1C004B5081 /* LocationItem.swift */,
				5073C1142175BE750040EAD5 /* AudioItem.swift */,
			);
			path = Protocols;
			sourceTree = "<group>";
		};
		B096439C1F295DA9004D0129 /* Controllers */ = {
			isa = PBXGroup;
			children = (
				B7A03F4E1F86697C006AEF79 /* MessagesViewController.swift */,
				1FF377A920087D78004FD648 /* MessagesViewController+Menu.swift */,
				1FF377AB20087DA2004FD648 /* MessagesViewController+Keyboard.swift */,
			);
			path = Controllers;
			sourceTree = "<group>";
		};
		B096439D1F295DC3004D0129 /* Layout */ = {
			isa = PBXGroup;
			children = (
				50FF345A2237FE9C0004DCD7 /* ContactMessageSizeCalculator.swift */,
				B7A03F161F86682C006AEF79 /* MessagesCollectionViewFlowLayout.swift */,
				B7A03F171F86682C006AEF79 /* MessagesCollectionViewLayoutAttributes.swift */,
				1FE7839D20662835007FA024 /* MessageSizeCalculator.swift */,
				1FE783A120662905007FA024 /* TextMessageSizeCalculator.swift */,
				1FE783A3206629A5007FA024 /* MediaMessageSizeCalculator.swift */,
				1FE783A5206629C2007FA024 /* LocationMessageSizeCalculator.swift */,
				5073C11C2175BEC60040EAD5 /* AudioMessageSizeCalculator.swift */,
				0EF0888B206F7E83007F2F58 /* CellSizeCalculator.swift */,
				388119452253EC30004B26AF /* TypingIndicatorCellSizeCalculator.swift */,
			);
			path = Layout;
			sourceTree = "<group>";
		};
		B096439E1F295DD7004D0129 /* Supporting */ = {
			isa = PBXGroup;
			children = (
				B7A03F711F866A06006AEF79 /* Info.plist */,
				B7A03F721F866A06006AEF79 /* MessageKit.h */,
				B7A03F701F866A06006AEF79 /* MessageKit+Availability.swift */,
				38A2230E221FB8A300D14DAF /* MessageInputBar.swift */,
			);
			path = Supporting;
			sourceTree = "<group>";
		};
/* End PBXGroup section */

/* Begin PBXHeadersBuildPhase section */
		88916B1F1CF0DF2F00469F91 /* Headers */ = {
			isa = PBXHeadersBuildPhase;
			buildActionMask = 2147483647;
			files = (
				B7A03F751F866A06006AEF79 /* MessageKit.h in Headers */,
			);
			runOnlyForDeploymentPostprocessing = 0;
		};
/* End PBXHeadersBuildPhase section */

/* Begin PBXNativeTarget section */
		88916B211CF0DF2F00469F91 /* MessageKit */ = {
			isa = PBXNativeTarget;
			buildConfigurationList = 88916B361CF0DF2F00469F91 /* Build configuration list for PBXNativeTarget "MessageKit" */;
			buildPhases = (
				88916B1D1CF0DF2F00469F91 /* Sources */,
				88916B1E1CF0DF2F00469F91 /* Frameworks */,
				88916B1F1CF0DF2F00469F91 /* Headers */,
				88916B201CF0DF2F00469F91 /* Resources */,
				B03FF9A51F30398900754FE5 /* ShellScript */,
			);
			buildRules = (
			);
			dependencies = (
			);
			name = MessageKit;
			productName = MessageKit;
			productReference = 88916B221CF0DF2F00469F91 /* MessageKit.framework */;
			productType = "com.apple.product-type.framework";
		};
		88916B2B1CF0DF2F00469F91 /* MessageKitTests */ = {
			isa = PBXNativeTarget;
			buildConfigurationList = 88916B391CF0DF2F00469F91 /* Build configuration list for PBXNativeTarget "MessageKitTests" */;
			buildPhases = (
				88916B281CF0DF2F00469F91 /* Sources */,
				88916B291CF0DF2F00469F91 /* Frameworks */,
				88916B2A1CF0DF2F00469F91 /* Resources */,
				1F087D431FD274D300E95A45 /* CopyFiles */,
			);
			buildRules = (
			);
			dependencies = (
				88916B2F1CF0DF2F00469F91 /* PBXTargetDependency */,
			);
			name = MessageKitTests;
			productName = MessageKitTests;
			productReference = 88916B2C1CF0DF2F00469F91 /* MessageKitTests.xctest */;
			productType = "com.apple.product-type.bundle.unit-test";
		};
/* End PBXNativeTarget section */

/* Begin PBXProject section */
		88916B191CF0DF2F00469F91 /* Project object */ = {
			isa = PBXProject;
			attributes = {
				LastSwiftUpdateCheck = 0730;
				LastUpgradeCheck = 1020;
				ORGANIZATIONNAME = MessageKit;
				TargetAttributes = {
					88916B211CF0DF2F00469F91 = {
						CreatedOnToolsVersion = 7.3.1;
						LastSwiftMigration = 0800;
					};
					88916B2B1CF0DF2F00469F91 = {
						CreatedOnToolsVersion = 7.3.1;
					};
				};
			};
			buildConfigurationList = 88916B1C1CF0DF2F00469F91 /* Build configuration list for PBXProject "MessageKit" */;
			compatibilityVersion = "Xcode 3.2";
			developmentRegion = English;
			hasScannedForEncodings = 0;
			knownRegions = (
				English,
				en,
			);
			mainGroup = 88916B181CF0DF2F00469F91;
			productRefGroup = 88916B231CF0DF2F00469F91 /* Products */;
			projectDirPath = "";
			projectRoot = "";
			targets = (
				88916B211CF0DF2F00469F91 /* MessageKit */,
				88916B2B1CF0DF2F00469F91 /* MessageKitTests */,
			);
		};
/* End PBXProject section */

/* Begin PBXResourcesBuildPhase section */
		88916B201CF0DF2F00469F91 /* Resources */ = {
			isa = PBXResourcesBuildPhase;
			buildActionMask = 2147483647;
			files = (
				B0C8D99B1F73076B000A86E4 /* MessageKitAssets.bundle in Resources */,
			);
			runOnlyForDeploymentPostprocessing = 0;
		};
		88916B2A1CF0DF2F00469F91 /* Resources */ = {
			isa = PBXResourcesBuildPhase;
			buildActionMask = 2147483647;
			files = (
				5073C1232175C1980040EAD5 /* sound1.m4a in Resources */,
			);
			runOnlyForDeploymentPostprocessing = 0;
		};
/* End PBXResourcesBuildPhase section */

/* Begin PBXShellScriptBuildPhase section */
		B03FF9A51F30398900754FE5 /* ShellScript */ = {
			isa = PBXShellScriptBuildPhase;
			buildActionMask = 2147483647;
			files = (
			);
			inputPaths = (
			);
			outputPaths = (
			);
			runOnlyForDeploymentPostprocessing = 0;
			shellPath = /bin/sh;
			shellScript = "if which swiftlint >/dev/null; then\n    if [ -z \"$CARTHAGE\" ]; then\n        swiftlint\n    fi\nelse\n  echo \"warning: SwiftLint not installed, download from https://github.com/realm/SwiftLint\"\nfi\n";
		};
/* End PBXShellScriptBuildPhase section */

/* Begin PBXSourcesBuildPhase section */
		88916B1D1CF0DF2F00469F91 /* Sources */ = {
			isa = PBXSourcesBuildPhase;
			buildActionMask = 2147483647;
			files = (
				382C794221705D2000F4FAF5 /* HorizontalEdgeInsets.swift in Sources */,
				B7A03F3C1F866946006AEF79 /* LocationMessageCell.swift in Sources */,
				1FF377AA20087D78004FD648 /* MessagesViewController+Menu.swift in Sources */,
				B7A03F5B1F8669CA006AEF79 /* MessageType.swift in Sources */,
				B7A03F601F8669CA006AEF79 /* MessagesDisplayDelegate.swift in Sources */,
				1FE783A8206633C0007FA024 /* InsetLabel.swift in Sources */,
				38F8063321740D9E00CDB9DB /* BubbleCircle.swift in Sources */,
				B7A03F5C1F8669CA006AEF79 /* MessageCellDelegate.swift in Sources */,
				5073C11D2175BEC60040EAD5 /* AudioMessageSizeCalculator.swift in Sources */,
				1FF377A420087C82004FD648 /* MessageKitError.swift in Sources */,
				1F6C040E206A2AF4007BDE44 /* MessageReusableView.swift in Sources */,
				388119462253EC30004B26AF /* TypingIndicatorCellSizeCalculator.swift in Sources */,
				B7A03F4B1F86694F006AEF79 /* MessageContainerView.swift in Sources */,
				B7A03F281F866895006AEF79 /* LocationMessageSnapshotOptions.swift in Sources */,
				B7A03F6C1F8669EB006AEF79 /* UIView+Extensions.swift in Sources */,
				383B9EB121728BAD008AB91A /* SenderType.swift in Sources */,
				B7A03F3A1F866946006AEF79 /* TextMessageCell.swift in Sources */,
				50FF34552237FE4C0004DCD7 /* ContactItem.swift in Sources */,
				B7A03F191F86682C006AEF79 /* MessagesCollectionViewLayoutAttributes.swift in Sources */,
				38A2230F221FB8A300D14DAF /* MessageInputBar.swift in Sources */,
				B7A03F461F86694F006AEF79 /* AvatarView.swift in Sources */,
				1FCA6D30201C1CC900BC3480 /* UIEdgeInsets+Extensions.swift in Sources */,
				B7A03F3D1F866946006AEF79 /* MediaMessageCell.swift in Sources */,
				38F8063721740DD500CDB9DB /* TypingIndicatorCell.swift in Sources */,
				1FE783A220662905007FA024 /* TextMessageSizeCalculator.swift in Sources */,
				B7A03F2E1F866895006AEF79 /* MessageKind.swift in Sources */,
				B7A03F7B1F866B85006AEF79 /* MessageCollectionViewCell.swift in Sources */,
				B7A03F6B1F8669EB006AEF79 /* UIColor+Extensions.swift in Sources */,
				4C508649221C0BBA0043943C /* AccessoryPosition.swift in Sources */,
				B7A03F5E1F8669CA006AEF79 /* MessagesLayoutDelegate.swift in Sources */,
				B7A03F261F866895006AEF79 /* MessageKitDateFormatter.swift in Sources */,
				B7A03F6D1F8669EB006AEF79 /* Bundle+Extensions.swift in Sources */,
				5073C1192175BE960040EAD5 /* AudioMessageCell.swift in Sources */,
				50FF34592237FE850004DCD7 /* ContactMessageCell.swift in Sources */,
				1FD589602064E08A004B5081 /* MediaItem.swift in Sources */,
				B7A03F611F8669CA006AEF79 /* MessagesDataSource.swift in Sources */,
				B7A03F6E1F8669EB006AEF79 /* NSAttributedString+Extensions.swift in Sources */,
				B7A03F471F86694F006AEF79 /* MessageLabel.swift in Sources */,
				50FF345B2237FE9C0004DCD7 /* ContactMessageSizeCalculator.swift in Sources */,
				B7A03F5F1F8669CA006AEF79 /* MessageLabelDelegate.swift in Sources */,
				B7A03F4C1F86694F006AEF79 /* PlayButtonView.swift in Sources */,
				1FD5896420660C1C004B5081 /* LocationItem.swift in Sources */,
				B7A03F291F866895006AEF79 /* Sender.swift in Sources */,
				B7A03F4F1F86697C006AEF79 /* MessagesViewController.swift in Sources */,
				B7A03F251F866895006AEF79 /* NSConstraintLayoutSet.swift in Sources */,
				0EE91E661FDEC888005420A2 /* CGRect+Extensions.swift in Sources */,
				B7A03F181F86682C006AEF79 /* MessagesCollectionViewFlowLayout.swift in Sources */,
				38F8063221740D9E00CDB9DB /* TypingIndicator.swift in Sources */,
				B7A03F2A1F866895006AEF79 /* MessageStyle.swift in Sources */,
				B7A03F4D1F86694F006AEF79 /* MessagesCollectionView.swift in Sources */,
				0EF0888C206F7E83007F2F58 /* CellSizeCalculator.swift in Sources */,
				5073C1152175BE750040EAD5 /* AudioItem.swift in Sources */,
				1FE783A4206629A5007FA024 /* MediaMessageSizeCalculator.swift in Sources */,
				B7A03F731F866A06006AEF79 /* MessageKit+Availability.swift in Sources */,
				1FE7839E20662835007FA024 /* MessageSizeCalculator.swift in Sources */,
				38F8063521740DAD00CDB9DB /* TypingBubble.swift in Sources */,
				1FE783A6206629C2007FA024 /* LocationMessageSizeCalculator.swift in Sources */,
				B7A03F2D1F866895006AEF79 /* LabelAlignment.swift in Sources */,
				1F6C040C206A2891007BDE44 /* MessageContentCell.swift in Sources */,
				B7A03F2C1F866895006AEF79 /* DetectorType.swift in Sources */,
				B7A03F271F866895006AEF79 /* Avatar.swift in Sources */,
				50FF34572237FE6A0004DCD7 /* UIImage+Extension.swift in Sources */,
				1F82D1431FB1B75B00B81A88 /* AvatarPosition.swift in Sources */,
				1FF377AC20087DA2004FD648 /* MessagesViewController+Keyboard.swift in Sources */,
			);
			runOnlyForDeploymentPostprocessing = 0;
		};
		88916B281CF0DF2F00469F91 /* Sources */ = {
			isa = PBXSourcesBuildPhase;
			buildActionMask = 2147483647;
			files = (
				8962AC8C1F87AB7D0030B058 /* AvatarViewTests.swift in Sources */,
				1F066E141FD90BB700E11013 /* MessageLabelSpec.swift in Sources */,
				8962AC941F87AB860030B058 /* MessageKitDateFormatterTests.swift in Sources */,
				8962AC911F87AB860030B058 /* MessagesViewControllerTests.swift in Sources */,
				1F066E231FDA3F0200E11013 /* DetectorTypeSpec.swift in Sources */,
				1F066E211FDA3DEA00E11013 /* AvatarSpec.swift in Sources */,
				1FD589612064E1B5004B5081 /* MockMessagesDataSource.swift in Sources */,
				1F066E131FD90BB600E11013 /* MessagesViewControllerSpec.swift in Sources */,
				1F066E1D1FDA3C1700E11013 /* SenderSpec.swift in Sources */,
				8962AC8A1F87AB7D0030B058 /* MessagesCollectionViewTests.swift in Sources */,
				38F8062F2173CD8F00CDB9DB /* MockUser.swift in Sources */,
				8962AC8D1F87AB7D0030B058 /* MessageCollectionViewCellTests.swift in Sources */,
				8962AC991F87AB860030B058 /* MessagesDisplayDelegateTests.swift in Sources */,
				1FD589622064E1B9004B5081 /* MockMessage.swift in Sources */,
				8962AC951F87AB860030B058 /* MessageStyleTests.swift in Sources */,
			);
			runOnlyForDeploymentPostprocessing = 0;
		};
/* End PBXSourcesBuildPhase section */

/* Begin PBXTargetDependency section */
		88916B2F1CF0DF2F00469F91 /* PBXTargetDependency */ = {
			isa = PBXTargetDependency;
			target = 88916B211CF0DF2F00469F91 /* MessageKit */;
			targetProxy = 88916B2E1CF0DF2F00469F91 /* PBXContainerItemProxy */;
		};
/* End PBXTargetDependency section */

/* Begin XCBuildConfiguration section */
		88916B341CF0DF2F00469F91 /* Debug */ = {
			isa = XCBuildConfiguration;
			buildSettings = {
				ALWAYS_SEARCH_USER_PATHS = NO;
				CLANG_ANALYZER_LOCALIZABILITY_NONLOCALIZED = YES;
				CLANG_ANALYZER_NONNULL = YES;
				CLANG_CXX_LANGUAGE_STANDARD = "gnu++0x";
				CLANG_CXX_LIBRARY = "libc++";
				CLANG_ENABLE_MODULES = YES;
				CLANG_ENABLE_OBJC_ARC = YES;
				CLANG_WARN_BLOCK_CAPTURE_AUTORELEASING = YES;
				CLANG_WARN_BOOL_CONVERSION = YES;
				CLANG_WARN_COMMA = YES;
				CLANG_WARN_CONSTANT_CONVERSION = YES;
				CLANG_WARN_DEPRECATED_OBJC_IMPLEMENTATIONS = YES;
				CLANG_WARN_DIRECT_OBJC_ISA_USAGE = YES_ERROR;
				CLANG_WARN_EMPTY_BODY = YES;
				CLANG_WARN_ENUM_CONVERSION = YES;
				CLANG_WARN_INFINITE_RECURSION = YES;
				CLANG_WARN_INT_CONVERSION = YES;
				CLANG_WARN_NON_LITERAL_NULL_CONVERSION = YES;
				CLANG_WARN_OBJC_IMPLICIT_RETAIN_SELF = YES;
				CLANG_WARN_OBJC_LITERAL_CONVERSION = YES;
				CLANG_WARN_OBJC_ROOT_CLASS = YES_ERROR;
				CLANG_WARN_RANGE_LOOP_ANALYSIS = YES;
				CLANG_WARN_STRICT_PROTOTYPES = YES;
				CLANG_WARN_SUSPICIOUS_MOVE = YES;
				CLANG_WARN_UNREACHABLE_CODE = YES;
				CLANG_WARN__DUPLICATE_METHOD_MATCH = YES;
				"CODE_SIGN_IDENTITY[sdk=iphoneos*]" = "iPhone Developer";
				COPY_PHASE_STRIP = NO;
				CURRENT_PROJECT_VERSION = 1;
				DEBUG_INFORMATION_FORMAT = dwarf;
				ENABLE_STRICT_OBJC_MSGSEND = YES;
				ENABLE_TESTABILITY = YES;
				GCC_C_LANGUAGE_STANDARD = gnu99;
				GCC_DYNAMIC_NO_PIC = NO;
				GCC_NO_COMMON_BLOCKS = YES;
				GCC_OPTIMIZATION_LEVEL = 0;
				GCC_PREPROCESSOR_DEFINITIONS = (
					"DEBUG=1",
					"$(inherited)",
				);
				GCC_WARN_64_TO_32_BIT_CONVERSION = YES;
				GCC_WARN_ABOUT_RETURN_TYPE = YES_ERROR;
				GCC_WARN_UNDECLARED_SELECTOR = YES;
				GCC_WARN_UNINITIALIZED_AUTOS = YES_AGGRESSIVE;
				GCC_WARN_UNUSED_FUNCTION = YES;
				GCC_WARN_UNUSED_VARIABLE = YES;
				IPHONEOS_DEPLOYMENT_TARGET = 9.0;
				MTL_ENABLE_DEBUG_INFO = YES;
				ONLY_ACTIVE_ARCH = YES;
				SDKROOT = iphoneos;
				SWIFT_OPTIMIZATION_LEVEL = "-Onone";
				SWIFT_VERSION = 5.0;
				TARGETED_DEVICE_FAMILY = "1,2";
				VERSIONING_SYSTEM = "apple-generic";
				VERSION_INFO_PREFIX = "";
			};
			name = Debug;
		};
		88916B351CF0DF2F00469F91 /* Release */ = {
			isa = XCBuildConfiguration;
			buildSettings = {
				ALWAYS_SEARCH_USER_PATHS = NO;
				CLANG_ANALYZER_LOCALIZABILITY_NONLOCALIZED = YES;
				CLANG_ANALYZER_NONNULL = YES;
				CLANG_CXX_LANGUAGE_STANDARD = "gnu++0x";
				CLANG_CXX_LIBRARY = "libc++";
				CLANG_ENABLE_MODULES = YES;
				CLANG_ENABLE_OBJC_ARC = YES;
				CLANG_WARN_BLOCK_CAPTURE_AUTORELEASING = YES;
				CLANG_WARN_BOOL_CONVERSION = YES;
				CLANG_WARN_COMMA = YES;
				CLANG_WARN_CONSTANT_CONVERSION = YES;
				CLANG_WARN_DEPRECATED_OBJC_IMPLEMENTATIONS = YES;
				CLANG_WARN_DIRECT_OBJC_ISA_USAGE = YES_ERROR;
				CLANG_WARN_EMPTY_BODY = YES;
				CLANG_WARN_ENUM_CONVERSION = YES;
				CLANG_WARN_INFINITE_RECURSION = YES;
				CLANG_WARN_INT_CONVERSION = YES;
				CLANG_WARN_NON_LITERAL_NULL_CONVERSION = YES;
				CLANG_WARN_OBJC_IMPLICIT_RETAIN_SELF = YES;
				CLANG_WARN_OBJC_LITERAL_CONVERSION = YES;
				CLANG_WARN_OBJC_ROOT_CLASS = YES_ERROR;
				CLANG_WARN_RANGE_LOOP_ANALYSIS = YES;
				CLANG_WARN_STRICT_PROTOTYPES = YES;
				CLANG_WARN_SUSPICIOUS_MOVE = YES;
				CLANG_WARN_UNREACHABLE_CODE = YES;
				CLANG_WARN__DUPLICATE_METHOD_MATCH = YES;
				"CODE_SIGN_IDENTITY[sdk=iphoneos*]" = "iPhone Developer";
				COPY_PHASE_STRIP = NO;
				CURRENT_PROJECT_VERSION = 1;
				DEBUG_INFORMATION_FORMAT = "dwarf-with-dsym";
				ENABLE_NS_ASSERTIONS = NO;
				ENABLE_STRICT_OBJC_MSGSEND = YES;
				GCC_C_LANGUAGE_STANDARD = gnu99;
				GCC_NO_COMMON_BLOCKS = YES;
				GCC_WARN_64_TO_32_BIT_CONVERSION = YES;
				GCC_WARN_ABOUT_RETURN_TYPE = YES_ERROR;
				GCC_WARN_UNDECLARED_SELECTOR = YES;
				GCC_WARN_UNINITIALIZED_AUTOS = YES_AGGRESSIVE;
				GCC_WARN_UNUSED_FUNCTION = YES;
				GCC_WARN_UNUSED_VARIABLE = YES;
				IPHONEOS_DEPLOYMENT_TARGET = 9.0;
				MTL_ENABLE_DEBUG_INFO = NO;
				SDKROOT = iphoneos;
				SWIFT_VERSION = 5.0;
				TARGETED_DEVICE_FAMILY = "1,2";
				VALIDATE_PRODUCT = YES;
				VERSIONING_SYSTEM = "apple-generic";
				VERSION_INFO_PREFIX = "";
			};
			name = Release;
		};
		88916B371CF0DF2F00469F91 /* Debug */ = {
			isa = XCBuildConfiguration;
			buildSettings = {
				CLANG_ENABLE_MODULES = YES;
				"CODE_SIGN_IDENTITY[sdk=iphoneos*]" = "";
				DEFINES_MODULE = YES;
				DYLIB_COMPATIBILITY_VERSION = 1;
				DYLIB_CURRENT_VERSION = 1;
				DYLIB_INSTALL_NAME_BASE = "@rpath";
				FRAMEWORK_SEARCH_PATHS = (
					"$(inherited)",
					"$(PROJECT_DIR)/Carthage/Build/iOS",
				);
				GCC_WARN_ABOUT_DEPRECATED_FUNCTIONS = YES;
				INFOPLIST_FILE = "$(SRCROOT)/Sources/Supporting/Info.plist";
				INSTALL_PATH = "$(LOCAL_LIBRARY_DIR)/Frameworks";
				IPHONEOS_DEPLOYMENT_TARGET = 9.0;
				LD_RUNPATH_SEARCH_PATHS = "$(inherited) @executable_path/Frameworks @loader_path/Frameworks $(FRAMEWORK_SEARCH_PATHS)";
				PRODUCT_BUNDLE_IDENTIFIER = com.messagekit.MessageKit;
				PRODUCT_NAME = "$(TARGET_NAME)";
				SKIP_INSTALL = YES;
				SWIFT_OPTIMIZATION_LEVEL = "-Onone";
				SWIFT_VERSION = 5.0;
			};
			name = Debug;
		};
		88916B381CF0DF2F00469F91 /* Release */ = {
			isa = XCBuildConfiguration;
			buildSettings = {
				CLANG_ENABLE_MODULES = YES;
				"CODE_SIGN_IDENTITY[sdk=iphoneos*]" = "";
				DEFINES_MODULE = YES;
				DYLIB_COMPATIBILITY_VERSION = 1;
				DYLIB_CURRENT_VERSION = 1;
				DYLIB_INSTALL_NAME_BASE = "@rpath";
				FRAMEWORK_SEARCH_PATHS = (
					"$(inherited)",
					"$(PROJECT_DIR)/Carthage/Build/iOS",
				);
				GCC_WARN_ABOUT_DEPRECATED_FUNCTIONS = YES;
				INFOPLIST_FILE = "$(SRCROOT)/Sources/Supporting/Info.plist";
				INSTALL_PATH = "$(LOCAL_LIBRARY_DIR)/Frameworks";
				IPHONEOS_DEPLOYMENT_TARGET = 9.0;
				LD_RUNPATH_SEARCH_PATHS = "$(inherited) @executable_path/Frameworks @loader_path/Frameworks $(FRAMEWORK_SEARCH_PATHS)";
				PRODUCT_BUNDLE_IDENTIFIER = com.messagekit.MessageKit;
				PRODUCT_NAME = "$(TARGET_NAME)";
				SKIP_INSTALL = YES;
				SWIFT_OPTIMIZATION_LEVEL = "-Owholemodule";
				SWIFT_VERSION = 5.0;
			};
			name = Release;
		};
		88916B3A1CF0DF2F00469F91 /* Debug */ = {
			isa = XCBuildConfiguration;
			buildSettings = {
				FRAMEWORK_SEARCH_PATHS = (
					"$(inherited)",
					"$(PROJECT_DIR)/Carthage/Build/iOS",
				);
				INFOPLIST_FILE = "Tests/Supporting Files/Info.plist";
				LD_RUNPATH_SEARCH_PATHS = "$(inherited) @executable_path/Frameworks @loader_path/Frameworks $(FRAMEWORK_SEARCH_PATHS)";
				PRODUCT_BUNDLE_IDENTIFIER = com.hexedbits.MessageKitTests;
				PRODUCT_NAME = "$(TARGET_NAME)";
			};
			name = Debug;
		};
		88916B3B1CF0DF2F00469F91 /* Release */ = {
			isa = XCBuildConfiguration;
			buildSettings = {
				FRAMEWORK_SEARCH_PATHS = (
					"$(inherited)",
					"$(PROJECT_DIR)/Carthage/Build/iOS",
				);
				INFOPLIST_FILE = "Tests/Supporting Files/Info.plist";
				LD_RUNPATH_SEARCH_PATHS = "$(inherited) @executable_path/Frameworks @loader_path/Frameworks $(FRAMEWORK_SEARCH_PATHS)";
				PRODUCT_BUNDLE_IDENTIFIER = com.hexedbits.MessageKitTests;
				PRODUCT_NAME = "$(TARGET_NAME)";
				SWIFT_OPTIMIZATION_LEVEL = "-Owholemodule";
			};
			name = Release;
		};
/* End XCBuildConfiguration section */

/* Begin XCConfigurationList section */
		88916B1C1CF0DF2F00469F91 /* Build configuration list for PBXProject "MessageKit" */ = {
			isa = XCConfigurationList;
			buildConfigurations = (
				88916B341CF0DF2F00469F91 /* Debug */,
				88916B351CF0DF2F00469F91 /* Release */,
			);
			defaultConfigurationIsVisible = 0;
			defaultConfigurationName = Release;
		};
		88916B361CF0DF2F00469F91 /* Build configuration list for PBXNativeTarget "MessageKit" */ = {
			isa = XCConfigurationList;
			buildConfigurations = (
				88916B371CF0DF2F00469F91 /* Debug */,
				88916B381CF0DF2F00469F91 /* Release */,
			);
			defaultConfigurationIsVisible = 0;
			defaultConfigurationName = Release;
		};
		88916B391CF0DF2F00469F91 /* Build configuration list for PBXNativeTarget "MessageKitTests" */ = {
			isa = XCConfigurationList;
			buildConfigurations = (
				88916B3A1CF0DF2F00469F91 /* Debug */,
				88916B3B1CF0DF2F00469F91 /* Release */,
			);
			defaultConfigurationIsVisible = 0;
			defaultConfigurationName = Release;
		};
/* End XCConfigurationList section */
	};
	rootObject = 88916B191CF0DF2F00469F91 /* Project object */;
}
