// !$*UTF8*$!
{
	archiveVersion = 1;
	classes = {
	};
	objectVersion = 52;
	objects = {

/* Begin PBXBuildFile section */
		032A15DD25965D9A00E00FE3 /* AlertService.swift in Sources */ = {isa = PBXBuildFile; fileRef = 032A15DC25965D9A00E00FE3 /* AlertService.swift */; };
		032A15E225965E1100E00FE3 /* CameraInputBarAccessoryView.swift in Sources */ = {isa = PBXBuildFile; fileRef = 032A15E125965E1100E00FE3 /* CameraInputBarAccessoryView.swift */; };
		138A04D428254AD300E2780F /* CustomInputBarExampleViewController.swift in Sources */ = {isa = PBXBuildFile; fileRef = 138A04D328254AD300E2780F /* CustomInputBarExampleViewController.swift */; };
		13EFA5D727AC5631003002CC /* MessageKit in Frameworks */ = {isa = PBXBuildFile; productRef = 13EFA5D627AC5631003002CC /* MessageKit */; };
		13EFA5D927AC5634003002CC /* Kingfisher in Frameworks */ = {isa = PBXBuildFile; productRef = 13EFA5D827AC5634003002CC /* Kingfisher */; };
		1C5433DD24C389C300A5383B /* MessagesView.swift in Sources */ = {isa = PBXBuildFile; fileRef = 1C5433DC24C389C300A5383B /* MessagesView.swift */; };
		1C5433DF24C38DBF00A5383B /* SwiftUI.framework in Frameworks */ = {isa = PBXBuildFile; fileRef = 1C5433DE24C38DBF00A5383B /* SwiftUI.framework */; settings = {ATTRIBUTES = (Weak, ); }; };
		1C5433E224C3A33600A5383B /* SwiftUIExampleView.swift in Sources */ = {isa = PBXBuildFile; fileRef = 1C5433E124C3A33600A5383B /* SwiftUIExampleView.swift */; };
		383B9EB32172A1C4008AB91A /* MockUser.swift in Sources */ = {isa = PBXBuildFile; fileRef = 383B9EB22172A1C4008AB91A /* MockUser.swift */; };
		385C2922211FF32E0010B4BA /* CustomCell.swift in Sources */ = {isa = PBXBuildFile; fileRef = 385C2920211FF32E0010B4BA /* CustomCell.swift */; };
		385C2923211FF32E0010B4BA /* TableViewCells.swift in Sources */ = {isa = PBXBuildFile; fileRef = 385C2921211FF32E0010B4BA /* TableViewCells.swift */; };
		385C2927211FF33B0010B4BA /* MockSocket.swift in Sources */ = {isa = PBXBuildFile; fileRef = 385C2925211FF33A0010B4BA /* MockSocket.swift */; };
		385C2928211FF33B0010B4BA /* MockMessage.swift in Sources */ = {isa = PBXBuildFile; fileRef = 385C2926211FF33B0010B4BA /* MockMessage.swift */; };
		385C292B211FF3450010B4BA /* Settings+UserDefaults.swift in Sources */ = {isa = PBXBuildFile; fileRef = 385C292A211FF3450010B4BA /* Settings+UserDefaults.swift */; };
		385C292D211FF3520010B4BA /* CustomMessageFlowLayout.swift in Sources */ = {isa = PBXBuildFile; fileRef = 385C292C211FF3520010B4BA /* CustomMessageFlowLayout.swift */; };
		385C2931211FF3630010B4BA /* UIColor+Extensions.swift in Sources */ = {isa = PBXBuildFile; fileRef = 385C292F211FF3630010B4BA /* UIColor+Extensions.swift */; };
		385C2932211FF3630010B4BA /* UIViewController+Extensions.swift in Sources */ = {isa = PBXBuildFile; fileRef = 385C2930211FF3630010B4BA /* UIViewController+Extensions.swift */; };
		385C2937211FF37B0010B4BA /* SampleData.swift in Sources */ = {isa = PBXBuildFile; fileRef = 385C2934211FF37A0010B4BA /* SampleData.swift */; };
		385C2939211FF37B0010B4BA /* Lorem.swift in Sources */ = {isa = PBXBuildFile; fileRef = 385C2936211FF37B0010B4BA /* Lorem.swift */; };
		385C2942211FF38F0010B4BA /* AdvancedExampleViewController.swift in Sources */ = {isa = PBXBuildFile; fileRef = 385C293B211FF38E0010B4BA /* AdvancedExampleViewController.swift */; };
		385C2943211FF38F0010B4BA /* SettingsViewController.swift in Sources */ = {isa = PBXBuildFile; fileRef = 385C293C211FF38E0010B4BA /* SettingsViewController.swift */; };
		385C2944211FF38F0010B4BA /* MessageContainerController.swift in Sources */ = {isa = PBXBuildFile; fileRef = 385C293D211FF38F0010B4BA /* MessageContainerController.swift */; };
		385C2946211FF38F0010B4BA /* LaunchViewController.swift in Sources */ = {isa = PBXBuildFile; fileRef = 385C293F211FF38F0010B4BA /* LaunchViewController.swift */; };
		385C2947211FF38F0010B4BA /* BasicExampleViewController.swift in Sources */ = {isa = PBXBuildFile; fileRef = 385C2940211FF38F0010B4BA /* BasicExampleViewController.swift */; };
		385C2948211FF38F0010B4BA /* ChatViewController.swift in Sources */ = {isa = PBXBuildFile; fileRef = 385C2941211FF38F0010B4BA /* ChatViewController.swift */; };
		38CCCC592258419300DD5482 /* AutocompleteExampleViewController.swift in Sources */ = {isa = PBXBuildFile; fileRef = 38CCCC582258419300DD5482 /* AutocompleteExampleViewController.swift */; };
		50739F9621C5090A008CA369 /* BasicAudioController.swift in Sources */ = {isa = PBXBuildFile; fileRef = 50739F9521C5090A008CA369 /* BasicAudioController.swift */; };
		5074EF4E2163555900D82952 /* sound2.m4a in Resources */ = {isa = PBXBuildFile; fileRef = 5074EF4C2163555900D82952 /* sound2.m4a */; };
		5074EF4F2163555900D82952 /* sound1.m4a in Resources */ = {isa = PBXBuildFile; fileRef = 5074EF4D2163555900D82952 /* sound1.m4a */; };
		5168957524F7AD560058C643 /* Assets.xcassets in Resources */ = {isa = PBXBuildFile; fileRef = 5168957124F7AD560058C643 /* Assets.xcassets */; };
		5168957624F7AD560058C643 /* LaunchScreen.storyboard in Resources */ = {isa = PBXBuildFile; fileRef = 5168957224F7AD560058C643 /* LaunchScreen.storyboard */; };
		63ECDABE24182A470016C349 /* MessageSubviewViewController.swift in Sources */ = {isa = PBXBuildFile; fileRef = 63ECDABD24182A470016C349 /* MessageSubviewViewController.swift */; };
		63ECDAC2241889630016C349 /* MessageSubviewContainerViewController.swift in Sources */ = {isa = PBXBuildFile; fileRef = 63ECDAC1241889630016C349 /* MessageSubviewContainerViewController.swift */; };
		882B5E811CF7D53600B6E160 /* AppDelegate.swift in Sources */ = {isa = PBXBuildFile; fileRef = 882B5E781CF7D53600B6E160 /* AppDelegate.swift */; };
		882B5E901CF7D56000B6E160 /* ChatExampleUITests.swift in Sources */ = {isa = PBXBuildFile; fileRef = 882B5E8E1CF7D56000B6E160 /* ChatExampleUITests.swift */; };
		882B5E951CF7D56E00B6E160 /* ChatExampleTests.swift in Sources */ = {isa = PBXBuildFile; fileRef = 882B5E931CF7D56E00B6E160 /* ChatExampleTests.swift */; };
		9961327FB4F9B96CFD84A126 /* (null) in Frameworks */ = {isa = PBXBuildFile; };
		9B49D528263C31FC008804B5 /* CustomLayoutExampleViewController.swift in Sources */ = {isa = PBXBuildFile; fileRef = 9B49D527263C31FC008804B5 /* CustomLayoutExampleViewController.swift */; };
		9B49D52D263C3E1F008804B5 /* CustomTextLayoutSizeCalculator.swift in Sources */ = {isa = PBXBuildFile; fileRef = 9B49D52C263C3E1F008804B5 /* CustomTextLayoutSizeCalculator.swift */; };
		9B49D53A263D9606008804B5 /* CustomLayoutSizeCalculator.swift in Sources */ = {isa = PBXBuildFile; fileRef = 9B49D539263D9606008804B5 /* CustomLayoutSizeCalculator.swift */; };
		9B49D542263DA6F9008804B5 /* CustomMessageContentCell.swift in Sources */ = {isa = PBXBuildFile; fileRef = 9B49D541263DA6F9008804B5 /* CustomMessageContentCell.swift */; };
		9B49D547263DAA29008804B5 /* CustomTextMessageContentCell.swift in Sources */ = {isa = PBXBuildFile; fileRef = 9B49D546263DAA29008804B5 /* CustomTextMessageContentCell.swift */; };
/* End PBXBuildFile section */

/* Begin PBXContainerItemProxy section */
		882B5E4A1CF7D4B900B6E160 /* PBXContainerItemProxy */ = {
			isa = PBXContainerItemProxy;
			containerPortal = 882B5E2B1CF7D4B900B6E160 /* Project object */;
			proxyType = 1;
			remoteGlobalIDString = 882B5E321CF7D4B900B6E160;
			remoteInfo = ChatExample;
		};
		882B5E551CF7D4B900B6E160 /* PBXContainerItemProxy */ = {
			isa = PBXContainerItemProxy;
			containerPortal = 882B5E2B1CF7D4B900B6E160 /* Project object */;
			proxyType = 1;
			remoteGlobalIDString = 882B5E321CF7D4B900B6E160;
			remoteInfo = ChatExample;
		};
/* End PBXContainerItemProxy section */

/* Begin PBXFileReference section */
		032A15DC25965D9A00E00FE3 /* AlertService.swift */ = {isa = PBXFileReference; lastKnownFileType = sourcecode.swift; path = AlertService.swift; sourceTree = "<group>"; };
		032A15E125965E1100E00FE3 /* CameraInputBarAccessoryView.swift */ = {isa = PBXFileReference; fileEncoding = 4; lastKnownFileType = sourcecode.swift; path = CameraInputBarAccessoryView.swift; sourceTree = "<group>"; };
		138A04D328254AD300E2780F /* CustomInputBarExampleViewController.swift */ = {isa = PBXFileReference; lastKnownFileType = sourcecode.swift; path = CustomInputBarExampleViewController.swift; sourceTree = "<group>"; };
		13CCA04225793002005C19BB /* MessageKit */ = {isa = PBXFileReference; lastKnownFileType = folder; path = MessageKit; sourceTree = "<group>"; };
		13EFA5D027AC5368003002CC /* MessageKit */ = {isa = PBXFileReference; lastKnownFileType = wrapper; name = MessageKit; path = ..; sourceTree = "<group>"; };
		1C5433DC24C389C300A5383B /* MessagesView.swift */ = {isa = PBXFileReference; lastKnownFileType = sourcecode.swift; path = MessagesView.swift; sourceTree = "<group>"; };
		1C5433DE24C38DBF00A5383B /* SwiftUI.framework */ = {isa = PBXFileReference; lastKnownFileType = wrapper.framework; name = SwiftUI.framework; path = System/Library/Frameworks/SwiftUI.framework; sourceTree = SDKROOT; };
		1C5433E124C3A33600A5383B /* SwiftUIExampleView.swift */ = {isa = PBXFileReference; lastKnownFileType = sourcecode.swift; path = SwiftUIExampleView.swift; sourceTree = "<group>"; };
		383B9EB22172A1C4008AB91A /* MockUser.swift */ = {isa = PBXFileReference; lastKnownFileType = sourcecode.swift; path = MockUser.swift; sourceTree = "<group>"; };
		385C2920211FF32E0010B4BA /* CustomCell.swift */ = {isa = PBXFileReference; fileEncoding = 4; lastKnownFileType = sourcecode.swift; path = CustomCell.swift; sourceTree = "<group>"; };
		385C2921211FF32E0010B4BA /* TableViewCells.swift */ = {isa = PBXFileReference; fileEncoding = 4; lastKnownFileType = sourcecode.swift; path = TableViewCells.swift; sourceTree = "<group>"; };
		385C2925211FF33A0010B4BA /* MockSocket.swift */ = {isa = PBXFileReference; fileEncoding = 4; lastKnownFileType = sourcecode.swift; path = MockSocket.swift; sourceTree = "<group>"; };
		385C2926211FF33B0010B4BA /* MockMessage.swift */ = {isa = PBXFileReference; fileEncoding = 4; lastKnownFileType = sourcecode.swift; path = MockMessage.swift; sourceTree = "<group>"; };
		385C292A211FF3450010B4BA /* Settings+UserDefaults.swift */ = {isa = PBXFileReference; fileEncoding = 4; lastKnownFileType = sourcecode.swift; path = "Settings+UserDefaults.swift"; sourceTree = "<group>"; };
		385C292C211FF3520010B4BA /* CustomMessageFlowLayout.swift */ = {isa = PBXFileReference; fileEncoding = 4; lastKnownFileType = sourcecode.swift; path = CustomMessageFlowLayout.swift; sourceTree = "<group>"; };
		385C292F211FF3630010B4BA /* UIColor+Extensions.swift */ = {isa = PBXFileReference; fileEncoding = 4; lastKnownFileType = sourcecode.swift; path = "UIColor+Extensions.swift"; sourceTree = "<group>"; };
		385C2930211FF3630010B4BA /* UIViewController+Extensions.swift */ = {isa = PBXFileReference; fileEncoding = 4; lastKnownFileType = sourcecode.swift; path = "UIViewController+Extensions.swift"; sourceTree = "<group>"; };
		385C2934211FF37A0010B4BA /* SampleData.swift */ = {isa = PBXFileReference; fileEncoding = 4; lastKnownFileType = sourcecode.swift; path = SampleData.swift; sourceTree = "<group>"; };
		385C2936211FF37B0010B4BA /* Lorem.swift */ = {isa = PBXFileReference; fileEncoding = 4; lastKnownFileType = sourcecode.swift; path = Lorem.swift; sourceTree = "<group>"; };
		385C293B211FF38E0010B4BA /* AdvancedExampleViewController.swift */ = {isa = PBXFileReference; fileEncoding = 4; lastKnownFileType = sourcecode.swift; path = AdvancedExampleViewController.swift; sourceTree = "<group>"; };
		385C293C211FF38E0010B4BA /* SettingsViewController.swift */ = {isa = PBXFileReference; fileEncoding = 4; lastKnownFileType = sourcecode.swift; path = SettingsViewController.swift; sourceTree = "<group>"; };
		385C293D211FF38F0010B4BA /* MessageContainerController.swift */ = {isa = PBXFileReference; fileEncoding = 4; lastKnownFileType = sourcecode.swift; path = MessageContainerController.swift; sourceTree = "<group>"; };
		385C293F211FF38F0010B4BA /* LaunchViewController.swift */ = {isa = PBXFileReference; fileEncoding = 4; lastKnownFileType = sourcecode.swift; path = LaunchViewController.swift; sourceTree = "<group>"; };
		385C2940211FF38F0010B4BA /* BasicExampleViewController.swift */ = {isa = PBXFileReference; fileEncoding = 4; lastKnownFileType = sourcecode.swift; path = BasicExampleViewController.swift; sourceTree = "<group>"; };
		385C2941211FF38F0010B4BA /* ChatViewController.swift */ = {isa = PBXFileReference; fileEncoding = 4; lastKnownFileType = sourcecode.swift; path = ChatViewController.swift; sourceTree = "<group>"; };
		38CCCC582258419300DD5482 /* AutocompleteExampleViewController.swift */ = {isa = PBXFileReference; lastKnownFileType = sourcecode.swift; path = AutocompleteExampleViewController.swift; sourceTree = "<group>"; };
		50739F9521C5090A008CA369 /* BasicAudioController.swift */ = {isa = PBXFileReference; fileEncoding = 4; lastKnownFileType = sourcecode.swift; path = BasicAudioController.swift; sourceTree = "<group>"; };
		5074EF4C2163555900D82952 /* sound2.m4a */ = {isa = PBXFileReference; lastKnownFileType = file; path = sound2.m4a; sourceTree = "<group>"; };
		5074EF4D2163555900D82952 /* sound1.m4a */ = {isa = PBXFileReference; lastKnownFileType = file; path = sound1.m4a; sourceTree = "<group>"; };
		5168957124F7AD560058C643 /* Assets.xcassets */ = {isa = PBXFileReference; lastKnownFileType = folder.assetcatalog; path = Assets.xcassets; sourceTree = "<group>"; };
		5168957324F7AD560058C643 /* Base */ = {isa = PBXFileReference; lastKnownFileType = file.storyboard; name = Base; path = Base.lproj/LaunchScreen.storyboard; sourceTree = "<group>"; };
		5168957424F7AD560058C643 /* Info.plist */ = {isa = PBXFileReference; fileEncoding = 4; lastKnownFileType = text.plist.xml; path = Info.plist; sourceTree = "<group>"; };
		63ECDABD24182A470016C349 /* MessageSubviewViewController.swift */ = {isa = PBXFileReference; lastKnownFileType = sourcecode.swift; path = MessageSubviewViewController.swift; sourceTree = "<group>"; };
		63ECDAC1241889630016C349 /* MessageSubviewContainerViewController.swift */ = {isa = PBXFileReference; lastKnownFileType = sourcecode.swift; path = MessageSubviewContainerViewController.swift; sourceTree = "<group>"; };
		882B5E331CF7D4B900B6E160 /* ChatExample.app */ = {isa = PBXFileReference; explicitFileType = wrapper.application; includeInIndex = 0; path = ChatExample.app; sourceTree = BUILT_PRODUCTS_DIR; };
		882B5E491CF7D4B900B6E160 /* ChatExampleTests.xctest */ = {isa = PBXFileReference; explicitFileType = wrapper.cfbundle; includeInIndex = 0; path = ChatExampleTests.xctest; sourceTree = BUILT_PRODUCTS_DIR; };
		882B5E541CF7D4B900B6E160 /* ChatExampleUITests.xctest */ = {isa = PBXFileReference; explicitFileType = wrapper.cfbundle; includeInIndex = 0; path = ChatExampleUITests.xctest; sourceTree = BUILT_PRODUCTS_DIR; };
		882B5E781CF7D53600B6E160 /* AppDelegate.swift */ = {isa = PBXFileReference; fileEncoding = 4; lastKnownFileType = sourcecode.swift; path = AppDelegate.swift; sourceTree = "<group>"; };
		882B5E8E1CF7D56000B6E160 /* ChatExampleUITests.swift */ = {isa = PBXFileReference; fileEncoding = 4; lastKnownFileType = sourcecode.swift; path = ChatExampleUITests.swift; sourceTree = "<group>"; };
		882B5E8F1CF7D56000B6E160 /* Info.plist */ = {isa = PBXFileReference; fileEncoding = 4; lastKnownFileType = text.plist.xml; path = Info.plist; sourceTree = "<group>"; };
		882B5E931CF7D56E00B6E160 /* ChatExampleTests.swift */ = {isa = PBXFileReference; fileEncoding = 4; lastKnownFileType = sourcecode.swift; path = ChatExampleTests.swift; sourceTree = "<group>"; };
		882B5E941CF7D56E00B6E160 /* Info.plist */ = {isa = PBXFileReference; fileEncoding = 4; lastKnownFileType = text.plist.xml; path = Info.plist; sourceTree = "<group>"; };
		9B49D527263C31FC008804B5 /* CustomLayoutExampleViewController.swift */ = {isa = PBXFileReference; lastKnownFileType = sourcecode.swift; path = CustomLayoutExampleViewController.swift; sourceTree = "<group>"; };
		9B49D52C263C3E1F008804B5 /* CustomTextLayoutSizeCalculator.swift */ = {isa = PBXFileReference; lastKnownFileType = sourcecode.swift; path = CustomTextLayoutSizeCalculator.swift; sourceTree = "<group>"; };
		9B49D539263D9606008804B5 /* CustomLayoutSizeCalculator.swift */ = {isa = PBXFileReference; lastKnownFileType = sourcecode.swift; path = CustomLayoutSizeCalculator.swift; sourceTree = "<group>"; };
		9B49D541263DA6F9008804B5 /* CustomMessageContentCell.swift */ = {isa = PBXFileReference; lastKnownFileType = sourcecode.swift; path = CustomMessageContentCell.swift; sourceTree = "<group>"; };
		9B49D546263DAA29008804B5 /* CustomTextMessageContentCell.swift */ = {isa = PBXFileReference; lastKnownFileType = sourcecode.swift; path = CustomTextMessageContentCell.swift; sourceTree = "<group>"; };
/* End PBXFileReference section */

/* Begin PBXFrameworksBuildPhase section */
		882B5E301CF7D4B900B6E160 /* Frameworks */ = {
			isa = PBXFrameworksBuildPhase;
			buildActionMask = 2147483647;
			files = (
				13EFA5D927AC5634003002CC /* Kingfisher in Frameworks */,
				1C5433DF24C38DBF00A5383B /* SwiftUI.framework in Frameworks */,
				13EFA5D727AC5631003002CC /* MessageKit in Frameworks */,
			);
			runOnlyForDeploymentPostprocessing = 0;
		};
		882B5E461CF7D4B900B6E160 /* Frameworks */ = {
			isa = PBXFrameworksBuildPhase;
			buildActionMask = 2147483647;
			files = (
			);
			runOnlyForDeploymentPostprocessing = 0;
		};
		882B5E511CF7D4B900B6E160 /* Frameworks */ = {
			isa = PBXFrameworksBuildPhase;
			buildActionMask = 2147483647;
			files = (
				9961327FB4F9B96CFD84A126 /* (null) in Frameworks */,
			);
			runOnlyForDeploymentPostprocessing = 0;
		};
/* End PBXFrameworksBuildPhase section */

/* Begin PBXGroup section */
		13EFA5CF27AC5368003002CC /* Packages */ = {
			isa = PBXGroup;
			children = (
				13EFA5D027AC5368003002CC /* MessageKit */,
			);
			name = Packages;
			sourceTree = "<group>";
		};
		1C5433E024C3A32400A5383B /* SwiftUI */ = {
			isa = PBXGroup;
			children = (
				1C5433DC24C389C300A5383B /* MessagesView.swift */,
				1C5433E124C3A33600A5383B /* SwiftUIExampleView.swift */,
			);
			path = SwiftUI;
			sourceTree = "<group>";
		};
		385C2924211FF3310010B4BA /* Views */ = {
			isa = PBXGroup;
			children = (
				1C5433E024C3A32400A5383B /* SwiftUI */,
				032A15E125965E1100E00FE3 /* CameraInputBarAccessoryView.swift */,
				385C2920211FF32E0010B4BA /* CustomCell.swift */,
				9B49D541263DA6F9008804B5 /* CustomMessageContentCell.swift */,
				9B49D546263DAA29008804B5 /* CustomTextMessageContentCell.swift */,
				385C2921211FF32E0010B4BA /* TableViewCells.swift */,
			);
			path = Views;
			sourceTree = "<group>";
		};
		385C2929211FF33D0010B4BA /* Models */ = {
			isa = PBXGroup;
			children = (
				9B49D539263D9606008804B5 /* CustomLayoutSizeCalculator.swift */,
				9B49D52C263C3E1F008804B5 /* CustomTextLayoutSizeCalculator.swift */,
				385C2926211FF33B0010B4BA /* MockMessage.swift */,
				385C2925211FF33A0010B4BA /* MockSocket.swift */,
				383B9EB22172A1C4008AB91A /* MockUser.swift */,
			);
			path = Models;
			sourceTree = "<group>";
		};
		385C292E211FF3540010B4BA /* Layout */ = {
			isa = PBXGroup;
			children = (
				385C292C211FF3520010B4BA /* CustomMessageFlowLayout.swift */,
			);
			path = Layout;
			sourceTree = "<group>";
		};
		385C2933211FF3670010B4BA /* Extensions */ = {
			isa = PBXGroup;
			children = (
				032A15DC25965D9A00E00FE3 /* AlertService.swift */,
				385C292A211FF3450010B4BA /* Settings+UserDefaults.swift */,
				385C292F211FF3630010B4BA /* UIColor+Extensions.swift */,
				385C2930211FF3630010B4BA /* UIViewController+Extensions.swift */,
			);
			path = Extensions;
			sourceTree = "<group>";
		};
		385C293A211FF3800010B4BA /* Data Generation */ = {
			isa = PBXGroup;
			children = (
				385C2936211FF37B0010B4BA /* Lorem.swift */,
				385C2934211FF37A0010B4BA /* SampleData.swift */,
			);
			path = "Data Generation";
			sourceTree = "<group>";
		};
		385C2949211FF3930010B4BA /* View Controllers */ = {
			isa = PBXGroup;
			children = (
				385C293B211FF38E0010B4BA /* AdvancedExampleViewController.swift */,
				38CCCC582258419300DD5482 /* AutocompleteExampleViewController.swift */,
				385C2940211FF38F0010B4BA /* BasicExampleViewController.swift */,
				385C2941211FF38F0010B4BA /* ChatViewController.swift */,
				9B49D527263C31FC008804B5 /* CustomLayoutExampleViewController.swift */,
				385C293F211FF38F0010B4BA /* LaunchViewController.swift */,
				385C293D211FF38F0010B4BA /* MessageContainerController.swift */,
				63ECDAC1241889630016C349 /* MessageSubviewContainerViewController.swift */,
				63ECDABD24182A470016C349 /* MessageSubviewViewController.swift */,
				385C293C211FF38E0010B4BA /* SettingsViewController.swift */,
				138A04D328254AD300E2780F /* CustomInputBarExampleViewController.swift */,
			);
			path = "View Controllers";
			sourceTree = "<group>";
		};
		50739F9421C5075D008CA369 /* AudioController */ = {
			isa = PBXGroup;
			children = (
				50739F9521C5090A008CA369 /* BasicAudioController.swift */,
			);
			path = AudioController;
			sourceTree = "<group>";
		};
		5074EF4B2163554900D82952 /* Sounds */ = {
			isa = PBXGroup;
			children = (
				5074EF4D2163555900D82952 /* sound1.m4a */,
				5074EF4C2163555900D82952 /* sound2.m4a */,
			);
			path = Sounds;
			sourceTree = "<group>";
		};
		5168957024F7AD560058C643 /* Resources */ = {
			isa = PBXGroup;
			children = (
				5168957124F7AD560058C643 /* Assets.xcassets */,
				5168957224F7AD560058C643 /* LaunchScreen.storyboard */,
				5168957424F7AD560058C643 /* Info.plist */,
			);
			path = Resources;
			sourceTree = "<group>";
		};
		882B5E2A1CF7D4B900B6E160 = {
			isa = PBXGroup;
			children = (
				882B5E771CF7D53600B6E160 /* Sources */,
				882B5E921CF7D56D00B6E160 /* Tests */,
				882B5E8D1CF7D56000B6E160 /* UITests */,
				13EFA5CF27AC5368003002CC /* Packages */,
				882B5E341CF7D4B900B6E160 /* Products */,
				955AE3B8EFF8FDB8F572D3F7 /* Frameworks */,
			);
			sourceTree = "<group>";
		};
		882B5E341CF7D4B900B6E160 /* Products */ = {
			isa = PBXGroup;
			children = (
				882B5E331CF7D4B900B6E160 /* ChatExample.app */,
				882B5E491CF7D4B900B6E160 /* ChatExampleTests.xctest */,
				882B5E541CF7D4B900B6E160 /* ChatExampleUITests.xctest */,
			);
			name = Products;
			sourceTree = "<group>";
		};
		882B5E771CF7D53600B6E160 /* Sources */ = {
			isa = PBXGroup;
			children = (
				882B5E781CF7D53600B6E160 /* AppDelegate.swift */,
				50739F9421C5075D008CA369 /* AudioController */,
				385C293A211FF3800010B4BA /* Data Generation */,
				385C2933211FF3670010B4BA /* Extensions */,
				385C292E211FF3540010B4BA /* Layout */,
				385C2929211FF33D0010B4BA /* Models */,
				5168957024F7AD560058C643 /* Resources */,
				5074EF4B2163554900D82952 /* Sounds */,
				385C2949211FF3930010B4BA /* View Controllers */,
				385C2924211FF3310010B4BA /* Views */,
			);
			path = Sources;
			sourceTree = "<group>";
		};
		882B5E8D1CF7D56000B6E160 /* UITests */ = {
			isa = PBXGroup;
			children = (
				882B5E8E1CF7D56000B6E160 /* ChatExampleUITests.swift */,
				882B5E8F1CF7D56000B6E160 /* Info.plist */,
			);
			path = UITests;
			sourceTree = "<group>";
		};
		882B5E921CF7D56D00B6E160 /* Tests */ = {
			isa = PBXGroup;
			children = (
				882B5E931CF7D56E00B6E160 /* ChatExampleTests.swift */,
				882B5E941CF7D56E00B6E160 /* Info.plist */,
			);
			path = Tests;
			sourceTree = "<group>";
		};
		955AE3B8EFF8FDB8F572D3F7 /* Frameworks */ = {
			isa = PBXGroup;
			children = (
				13CCA04225793002005C19BB /* MessageKit */,
				1C5433DE24C38DBF00A5383B /* SwiftUI.framework */,
			);
			name = Frameworks;
			sourceTree = "<group>";
		};
/* End PBXGroup section */

/* Begin PBXNativeTarget section */
		882B5E321CF7D4B900B6E160 /* ChatExample */ = {
			isa = PBXNativeTarget;
			buildConfigurationList = 882B5E5D1CF7D4B900B6E160 /* Build configuration list for PBXNativeTarget "ChatExample" */;
			buildPhases = (
				882B5E301CF7D4B900B6E160 /* Frameworks */,
				882B5E2F1CF7D4B900B6E160 /* Sources */,
				882B5E311CF7D4B900B6E160 /* Resources */,
			);
			buildRules = (
			);
			dependencies = (
				13EFA5D527AC557F003002CC /* PBXTargetDependency */,
				13EFA5D327AC557A003002CC /* PBXTargetDependency */,
			);
			name = ChatExample;
			packageProductDependencies = (
				13EFA5D627AC5631003002CC /* MessageKit */,
				13EFA5D827AC5634003002CC /* Kingfisher */,
			);
			productName = ChatExample;
			productReference = 882B5E331CF7D4B900B6E160 /* ChatExample.app */;
			productType = "com.apple.product-type.application";
		};
		882B5E481CF7D4B900B6E160 /* ChatExampleTests */ = {
			isa = PBXNativeTarget;
			buildConfigurationList = 882B5E601CF7D4B900B6E160 /* Build configuration list for PBXNativeTarget "ChatExampleTests" */;
			buildPhases = (
				882B5E451CF7D4B900B6E160 /* Sources */,
				882B5E461CF7D4B900B6E160 /* Frameworks */,
				882B5E471CF7D4B900B6E160 /* Resources */,
			);
			buildRules = (
			);
			dependencies = (
				882B5E4B1CF7D4B900B6E160 /* PBXTargetDependency */,
			);
			name = ChatExampleTests;
			productName = ChatExampleTests;
			productReference = 882B5E491CF7D4B900B6E160 /* ChatExampleTests.xctest */;
			productType = "com.apple.product-type.bundle.unit-test";
		};
		882B5E531CF7D4B900B6E160 /* ChatExampleUITests */ = {
			isa = PBXNativeTarget;
			buildConfigurationList = 882B5E631CF7D4B900B6E160 /* Build configuration list for PBXNativeTarget "ChatExampleUITests" */;
			buildPhases = (
				882B5E501CF7D4B900B6E160 /* Sources */,
				882B5E511CF7D4B900B6E160 /* Frameworks */,
				882B5E521CF7D4B900B6E160 /* Resources */,
			);
			buildRules = (
			);
			dependencies = (
				882B5E561CF7D4B900B6E160 /* PBXTargetDependency */,
			);
			name = ChatExampleUITests;
			productName = ChatExampleUITests;
			productReference = 882B5E541CF7D4B900B6E160 /* ChatExampleUITests.xctest */;
			productType = "com.apple.product-type.bundle.ui-testing";
		};
/* End PBXNativeTarget section */

/* Begin PBXProject section */
		882B5E2B1CF7D4B900B6E160 /* Project object */ = {
			isa = PBXProject;
			attributes = {
				LastSwiftUpdateCheck = 0730;
				LastUpgradeCheck = 1200;
				ORGANIZATIONNAME = MessageKit;
				TargetAttributes = {
					882B5E321CF7D4B900B6E160 = {
						CreatedOnToolsVersion = 7.3.1;
						LastSwiftMigration = 0800;
					};
					882B5E481CF7D4B900B6E160 = {
						CreatedOnToolsVersion = 7.3.1;
						LastSwiftMigration = 0800;
						TestTargetID = 882B5E321CF7D4B900B6E160;
					};
					882B5E531CF7D4B900B6E160 = {
						CreatedOnToolsVersion = 7.3.1;
						TestTargetID = 882B5E321CF7D4B900B6E160;
					};
				};
			};
			buildConfigurationList = 882B5E2E1CF7D4B900B6E160 /* Build configuration list for PBXProject "ChatExample" */;
			compatibilityVersion = "Xcode 3.2";
			developmentRegion = en;
			hasScannedForEncodings = 0;
			knownRegions = (
				en,
				Base,
			);
			mainGroup = 882B5E2A1CF7D4B900B6E160;
			packageReferences = (
				13CCA06125793E24005C19BB /* XCRemoteSwiftPackageReference "Kingfisher" */,
			);
			productRefGroup = 882B5E341CF7D4B900B6E160 /* Products */;
			projectDirPath = "";
			projectRoot = "";
			targets = (
				882B5E321CF7D4B900B6E160 /* ChatExample */,
				882B5E481CF7D4B900B6E160 /* ChatExampleTests */,
				882B5E531CF7D4B900B6E160 /* ChatExampleUITests */,
			);
		};
/* End PBXProject section */

/* Begin PBXResourcesBuildPhase section */
		882B5E311CF7D4B900B6E160 /* Resources */ = {
			isa = PBXResourcesBuildPhase;
			buildActionMask = 2147483647;
			files = (
				5074EF4F2163555900D82952 /* sound1.m4a in Resources */,
				5168957624F7AD560058C643 /* LaunchScreen.storyboard in Resources */,
				5168957524F7AD560058C643 /* Assets.xcassets in Resources */,
				5074EF4E2163555900D82952 /* sound2.m4a in Resources */,
			);
			runOnlyForDeploymentPostprocessing = 0;
		};
		882B5E471CF7D4B900B6E160 /* Resources */ = {
			isa = PBXResourcesBuildPhase;
			buildActionMask = 2147483647;
			files = (
			);
			runOnlyForDeploymentPostprocessing = 0;
		};
		882B5E521CF7D4B900B6E160 /* Resources */ = {
			isa = PBXResourcesBuildPhase;
			buildActionMask = 2147483647;
			files = (
			);
			runOnlyForDeploymentPostprocessing = 0;
		};
/* End PBXResourcesBuildPhase section */

/* Begin PBXSourcesBuildPhase section */
		882B5E2F1CF7D4B900B6E160 /* Sources */ = {
			isa = PBXSourcesBuildPhase;
			buildActionMask = 2147483647;
			files = (
				9B49D53A263D9606008804B5 /* CustomLayoutSizeCalculator.swift in Sources */,
				385C2922211FF32E0010B4BA /* CustomCell.swift in Sources */,
				9B49D542263DA6F9008804B5 /* CustomMessageContentCell.swift in Sources */,
				385C2946211FF38F0010B4BA /* LaunchViewController.swift in Sources */,
				9B49D52D263C3E1F008804B5 /* CustomTextLayoutSizeCalculator.swift in Sources */,
				1C5433E224C3A33600A5383B /* SwiftUIExampleView.swift in Sources */,
				385C2939211FF37B0010B4BA /* Lorem.swift in Sources */,
				385C2928211FF33B0010B4BA /* MockMessage.swift in Sources */,
				63ECDABE24182A470016C349 /* MessageSubviewViewController.swift in Sources */,
				385C2923211FF32E0010B4BA /* TableViewCells.swift in Sources */,
				385C2942211FF38F0010B4BA /* AdvancedExampleViewController.swift in Sources */,
				50739F9621C5090A008CA369 /* BasicAudioController.swift in Sources */,
				385C2937211FF37B0010B4BA /* SampleData.swift in Sources */,
				385C2931211FF3630010B4BA /* UIColor+Extensions.swift in Sources */,
				385C2932211FF3630010B4BA /* UIViewController+Extensions.swift in Sources */,
				138A04D428254AD300E2780F /* CustomInputBarExampleViewController.swift in Sources */,
				385C292B211FF3450010B4BA /* Settings+UserDefaults.swift in Sources */,
				9B49D547263DAA29008804B5 /* CustomTextMessageContentCell.swift in Sources */,
				9B49D528263C31FC008804B5 /* CustomLayoutExampleViewController.swift in Sources */,
				032A15DD25965D9A00E00FE3 /* AlertService.swift in Sources */,
				385C2948211FF38F0010B4BA /* ChatViewController.swift in Sources */,
				385C2944211FF38F0010B4BA /* MessageContainerController.swift in Sources */,
				383B9EB32172A1C4008AB91A /* MockUser.swift in Sources */,
				385C2943211FF38F0010B4BA /* SettingsViewController.swift in Sources */,
				385C2927211FF33B0010B4BA /* MockSocket.swift in Sources */,
				385C2947211FF38F0010B4BA /* BasicExampleViewController.swift in Sources */,
				1C5433DD24C389C300A5383B /* MessagesView.swift in Sources */,
				882B5E811CF7D53600B6E160 /* AppDelegate.swift in Sources */,
				385C292D211FF3520010B4BA /* CustomMessageFlowLayout.swift in Sources */,
				032A15E225965E1100E00FE3 /* CameraInputBarAccessoryView.swift in Sources */,
				38CCCC592258419300DD5482 /* AutocompleteExampleViewController.swift in Sources */,
				63ECDAC2241889630016C349 /* MessageSubviewContainerViewController.swift in Sources */,
			);
			runOnlyForDeploymentPostprocessing = 0;
		};
		882B5E451CF7D4B900B6E160 /* Sources */ = {
			isa = PBXSourcesBuildPhase;
			buildActionMask = 2147483647;
			files = (
				882B5E951CF7D56E00B6E160 /* ChatExampleTests.swift in Sources */,
			);
			runOnlyForDeploymentPostprocessing = 0;
		};
		882B5E501CF7D4B900B6E160 /* Sources */ = {
			isa = PBXSourcesBuildPhase;
			buildActionMask = 2147483647;
			files = (
				882B5E901CF7D56000B6E160 /* ChatExampleUITests.swift in Sources */,
			);
			runOnlyForDeploymentPostprocessing = 0;
		};
/* End PBXSourcesBuildPhase section */

/* Begin PBXTargetDependency section */
		13EFA5D327AC557A003002CC /* PBXTargetDependency */ = {
			isa = PBXTargetDependency;
			productRef = 13EFA5D227AC557A003002CC /* Kingfisher */;
		};
		13EFA5D527AC557F003002CC /* PBXTargetDependency */ = {
			isa = PBXTargetDependency;
			productRef = 13EFA5D427AC557F003002CC /* MessageKit */;
		};
		882B5E4B1CF7D4B900B6E160 /* PBXTargetDependency */ = {
			isa = PBXTargetDependency;
			target = 882B5E321CF7D4B900B6E160 /* ChatExample */;
			targetProxy = 882B5E4A1CF7D4B900B6E160 /* PBXContainerItemProxy */;
		};
		882B5E561CF7D4B900B6E160 /* PBXTargetDependency */ = {
			isa = PBXTargetDependency;
			target = 882B5E321CF7D4B900B6E160 /* ChatExample */;
			targetProxy = 882B5E551CF7D4B900B6E160 /* PBXContainerItemProxy */;
		};
/* End PBXTargetDependency section */

/* Begin PBXVariantGroup section */
		5168957224F7AD560058C643 /* LaunchScreen.storyboard */ = {
			isa = PBXVariantGroup;
			children = (
				5168957324F7AD560058C643 /* Base */,
			);
			name = LaunchScreen.storyboard;
			sourceTree = "<group>";
		};
/* End PBXVariantGroup section */

/* Begin XCBuildConfiguration section */
		882B5E5B1CF7D4B900B6E160 /* Debug */ = {
			isa = XCBuildConfiguration;
			buildSettings = {
				ALWAYS_SEARCH_USER_PATHS = NO;
				CLANG_ANALYZER_LOCALIZABILITY_NONLOCALIZED = YES;
				CLANG_ANALYZER_NONNULL = YES;
				CLANG_CXX_LANGUAGE_STANDARD = "gnu++0x";
				CLANG_CXX_LIBRARY = "libc++";
				CLANG_ENABLE_MODULES = YES;
				CLANG_ENABLE_OBJC_ARC = YES;
				CLANG_WARN_BLOCK_CAPTURE_AUTORELEASING = YES;
				CLANG_WARN_BOOL_CONVERSION = YES;
				CLANG_WARN_COMMA = YES;
				CLANG_WARN_CONSTANT_CONVERSION = YES;
				CLANG_WARN_DEPRECATED_OBJC_IMPLEMENTATIONS = YES;
				CLANG_WARN_DIRECT_OBJC_ISA_USAGE = YES_ERROR;
				CLANG_WARN_EMPTY_BODY = YES;
				CLANG_WARN_ENUM_CONVERSION = YES;
				CLANG_WARN_INFINITE_RECURSION = YES;
				CLANG_WARN_INT_CONVERSION = YES;
				CLANG_WARN_NON_LITERAL_NULL_CONVERSION = YES;
				CLANG_WARN_OBJC_IMPLICIT_RETAIN_SELF = YES;
				CLANG_WARN_OBJC_LITERAL_CONVERSION = YES;
				CLANG_WARN_OBJC_ROOT_CLASS = YES_ERROR;
				CLANG_WARN_QUOTED_INCLUDE_IN_FRAMEWORK_HEADER = YES;
				CLANG_WARN_RANGE_LOOP_ANALYSIS = YES;
				CLANG_WARN_STRICT_PROTOTYPES = YES;
				CLANG_WARN_SUSPICIOUS_MOVE = YES;
				CLANG_WARN_UNREACHABLE_CODE = YES;
				CLANG_WARN__DUPLICATE_METHOD_MATCH = YES;
				CODE_SIGN_IDENTITY = "Apple Development";
				COPY_PHASE_STRIP = NO;
				DEBUG_INFORMATION_FORMAT = dwarf;
				ENABLE_STRICT_OBJC_MSGSEND = YES;
				ENABLE_TESTABILITY = YES;
				GCC_C_LANGUAGE_STANDARD = gnu99;
				GCC_DYNAMIC_NO_PIC = NO;
				GCC_NO_COMMON_BLOCKS = YES;
				GCC_OPTIMIZATION_LEVEL = 0;
				GCC_PREPROCESSOR_DEFINITIONS = (
					"DEBUG=1",
					"$(inherited)",
				);
				GCC_WARN_64_TO_32_BIT_CONVERSION = YES;
				GCC_WARN_ABOUT_RETURN_TYPE = YES_ERROR;
				GCC_WARN_UNDECLARED_SELECTOR = YES;
				GCC_WARN_UNINITIALIZED_AUTOS = YES_AGGRESSIVE;
				GCC_WARN_UNUSED_FUNCTION = YES;
				GCC_WARN_UNUSED_VARIABLE = YES;
				IPHONEOS_DEPLOYMENT_TARGET = 13.0;
				MTL_ENABLE_DEBUG_INFO = YES;
				ONLY_ACTIVE_ARCH = YES;
				SDKROOT = iphoneos;
				SWIFT_OPTIMIZATION_LEVEL = "-Onone";
				SWIFT_VERSION = 5.0;
				TARGETED_DEVICE_FAMILY = "1,2";
			};
			name = Debug;
		};
		882B5E5C1CF7D4B900B6E160 /* Release */ = {
			isa = XCBuildConfiguration;
			buildSettings = {
				ALWAYS_SEARCH_USER_PATHS = NO;
				CLANG_ANALYZER_LOCALIZABILITY_NONLOCALIZED = YES;
				CLANG_ANALYZER_NONNULL = YES;
				CLANG_CXX_LANGUAGE_STANDARD = "gnu++0x";
				CLANG_CXX_LIBRARY = "libc++";
				CLANG_ENABLE_MODULES = YES;
				CLANG_ENABLE_OBJC_ARC = YES;
				CLANG_WARN_BLOCK_CAPTURE_AUTORELEASING = YES;
				CLANG_WARN_BOOL_CONVERSION = YES;
				CLANG_WARN_COMMA = YES;
				CLANG_WARN_CONSTANT_CONVERSION = YES;
				CLANG_WARN_DEPRECATED_OBJC_IMPLEMENTATIONS = YES;
				CLANG_WARN_DIRECT_OBJC_ISA_USAGE = YES_ERROR;
				CLANG_WARN_EMPTY_BODY = YES;
				CLANG_WARN_ENUM_CONVERSION = YES;
				CLANG_WARN_INFINITE_RECURSION = YES;
				CLANG_WARN_INT_CONVERSION = YES;
				CLANG_WARN_NON_LITERAL_NULL_CONVERSION = YES;
				CLANG_WARN_OBJC_IMPLICIT_RETAIN_SELF = YES;
				CLANG_WARN_OBJC_LITERAL_CONVERSION = YES;
				CLANG_WARN_OBJC_ROOT_CLASS = YES_ERROR;
				CLANG_WARN_QUOTED_INCLUDE_IN_FRAMEWORK_HEADER = YES;
				CLANG_WARN_RANGE_LOOP_ANALYSIS = YES;
				CLANG_WARN_STRICT_PROTOTYPES = YES;
				CLANG_WARN_SUSPICIOUS_MOVE = YES;
				CLANG_WARN_UNREACHABLE_CODE = YES;
				CLANG_WARN__DUPLICATE_METHOD_MATCH = YES;
				CODE_SIGN_IDENTITY = "Apple Development";
				COPY_PHASE_STRIP = NO;
				DEBUG_INFORMATION_FORMAT = "dwarf-with-dsym";
				ENABLE_NS_ASSERTIONS = NO;
				ENABLE_STRICT_OBJC_MSGSEND = YES;
				GCC_C_LANGUAGE_STANDARD = gnu99;
				GCC_NO_COMMON_BLOCKS = YES;
				GCC_WARN_64_TO_32_BIT_CONVERSION = YES;
				GCC_WARN_ABOUT_RETURN_TYPE = YES_ERROR;
				GCC_WARN_UNDECLARED_SELECTOR = YES;
				GCC_WARN_UNINITIALIZED_AUTOS = YES_AGGRESSIVE;
				GCC_WARN_UNUSED_FUNCTION = YES;
				GCC_WARN_UNUSED_VARIABLE = YES;
				IPHONEOS_DEPLOYMENT_TARGET = 13.0;
				MTL_ENABLE_DEBUG_INFO = NO;
				SDKROOT = iphoneos;
				SWIFT_VERSION = 5.0;
				TARGETED_DEVICE_FAMILY = "1,2";
				VALIDATE_PRODUCT = YES;
			};
			name = Release;
		};
		882B5E5E1CF7D4B900B6E160 /* Debug */ = {
			isa = XCBuildConfiguration;
			buildSettings = {
				ASSETCATALOG_COMPILER_APPICON_NAME = AppIcon;
				INFOPLIST_FILE = "$(SRCROOT)/Sources/Resources/Info.plist";
				LD_RUNPATH_SEARCH_PATHS = (
					"$(inherited)",
					"@executable_path/Frameworks",
				);
				PRODUCT_BUNDLE_IDENTIFIER = com.messagekit.ChatExample;
				PRODUCT_NAME = "$(TARGET_NAME)";
				SWIFT_VERSION = 5.0;
			};
			name = Debug;
		};
		882B5E5F1CF7D4B900B6E160 /* Release */ = {
			isa = XCBuildConfiguration;
			buildSettings = {
				ASSETCATALOG_COMPILER_APPICON_NAME = AppIcon;
				INFOPLIST_FILE = "$(SRCROOT)/Sources/Resources/Info.plist";
				LD_RUNPATH_SEARCH_PATHS = (
					"$(inherited)",
					"@executable_path/Frameworks",
				);
				PRODUCT_BUNDLE_IDENTIFIER = com.messagekit.ChatExample;
				PRODUCT_NAME = "$(TARGET_NAME)";
				SWIFT_COMPILATION_MODE = wholemodule;
				SWIFT_OPTIMIZATION_LEVEL = "-O";
				SWIFT_VERSION = 5.0;
			};
			name = Release;
		};
		882B5E611CF7D4B900B6E160 /* Debug */ = {
			isa = XCBuildConfiguration;
			buildSettings = {
				BUNDLE_LOADER = "$(TEST_HOST)";
				INFOPLIST_FILE = Tests/Info.plist;
				LD_RUNPATH_SEARCH_PATHS = (
					"$(inherited)",
					"@executable_path/Frameworks",
					"@loader_path/Frameworks",
				);
				PRODUCT_BUNDLE_IDENTIFIER = com.hexedbits.ChatExampleTests;
				PRODUCT_NAME = "$(TARGET_NAME)";
				SWIFT_VERSION = 5.0;
				TEST_HOST = "$(BUILT_PRODUCTS_DIR)/ChatExample.app/ChatExample";
			};
			name = Debug;
		};
		882B5E621CF7D4B900B6E160 /* Release */ = {
			isa = XCBuildConfiguration;
			buildSettings = {
				BUNDLE_LOADER = "$(TEST_HOST)";
				INFOPLIST_FILE = Tests/Info.plist;
				LD_RUNPATH_SEARCH_PATHS = (
					"$(inherited)",
					"@executable_path/Frameworks",
					"@loader_path/Frameworks",
				);
				PRODUCT_BUNDLE_IDENTIFIER = com.hexedbits.ChatExampleTests;
				PRODUCT_NAME = "$(TARGET_NAME)";
				SWIFT_COMPILATION_MODE = wholemodule;
				SWIFT_OPTIMIZATION_LEVEL = "-O";
				SWIFT_VERSION = 5.0;
				TEST_HOST = "$(BUILT_PRODUCTS_DIR)/ChatExample.app/ChatExample";
			};
			name = Release;
		};
		882B5E641CF7D4B900B6E160 /* Debug */ = {
			isa = XCBuildConfiguration;
			buildSettings = {
				INFOPLIST_FILE = UITests/Info.plist;
				LD_RUNPATH_SEARCH_PATHS = (
					"$(inherited)",
					"@executable_path/Frameworks",
					"@loader_path/Frameworks",
				);
				PRODUCT_BUNDLE_IDENTIFIER = com.hexedbits.ChatExampleUITests;
				PRODUCT_NAME = "$(TARGET_NAME)";
				SWIFT_VERSION = 5.0;
				TEST_TARGET_NAME = ChatExample;
			};
			name = Debug;
		};
		882B5E651CF7D4B900B6E160 /* Release */ = {
			isa = XCBuildConfiguration;
			buildSettings = {
				INFOPLIST_FILE = UITests/Info.plist;
				LD_RUNPATH_SEARCH_PATHS = (
					"$(inherited)",
					"@executable_path/Frameworks",
					"@loader_path/Frameworks",
				);
				PRODUCT_BUNDLE_IDENTIFIER = com.hexedbits.ChatExampleUITests;
				PRODUCT_NAME = "$(TARGET_NAME)";
				SWIFT_COMPILATION_MODE = wholemodule;
				SWIFT_OPTIMIZATION_LEVEL = "-O";
				SWIFT_VERSION = 5.0;
				TEST_TARGET_NAME = ChatExample;
			};
			name = Release;
		};
/* End XCBuildConfiguration section */

/* Begin XCConfigurationList section */
		882B5E2E1CF7D4B900B6E160 /* Build configuration list for PBXProject "ChatExample" */ = {
			isa = XCConfigurationList;
			buildConfigurations = (
				882B5E5B1CF7D4B900B6E160 /* Debug */,
				882B5E5C1CF7D4B900B6E160 /* Release */,
			);
			defaultConfigurationIsVisible = 0;
			defaultConfigurationName = Release;
		};
		882B5E5D1CF7D4B900B6E160 /* Build configuration list for PBXNativeTarget "ChatExample" */ = {
			isa = XCConfigurationList;
			buildConfigurations = (
				882B5E5E1CF7D4B900B6E160 /* Debug */,
				882B5E5F1CF7D4B900B6E160 /* Release */,
			);
			defaultConfigurationIsVisible = 0;
			defaultConfigurationName = Release;
		};
		882B5E601CF7D4B900B6E160 /* Build configuration list for PBXNativeTarget "ChatExampleTests" */ = {
			isa = XCConfigurationList;
			buildConfigurations = (
				882B5E611CF7D4B900B6E160 /* Debug */,
				882B5E621CF7D4B900B6E160 /* Release */,
			);
			defaultConfigurationIsVisible = 0;
			defaultConfigurationName = Release;
		};
		882B5E631CF7D4B900B6E160 /* Build configuration list for PBXNativeTarget "ChatExampleUITests" */ = {
			isa = XCConfigurationList;
			buildConfigurations = (
				882B5E641CF7D4B900B6E160 /* Debug */,
				882B5E651CF7D4B900B6E160 /* Release */,
			);
			defaultConfigurationIsVisible = 0;
			defaultConfigurationName = Release;
		};
/* End XCConfigurationList section */

/* Begin XCRemoteSwiftPackageReference section */
		13CCA06125793E24005C19BB /* XCRemoteSwiftPackageReference "Kingfisher" */ = {
			isa = XCRemoteSwiftPackageReference;
			repositoryURL = "https://github.com/onevcat/Kingfisher";
			requirement = {
				kind = upToNextMajorVersion;
				minimumVersion = 5.15.8;
			};
		};
/* End XCRemoteSwiftPackageReference section */

/* Begin XCSwiftPackageProductDependency section */
		13EFA5D227AC557A003002CC /* Kingfisher */ = {
			isa = XCSwiftPackageProductDependency;
			package = 13CCA06125793E24005C19BB /* XCRemoteSwiftPackageReference "Kingfisher" */;
			productName = Kingfisher;
		};
		13EFA5D427AC557F003002CC /* MessageKit */ = {
			isa = XCSwiftPackageProductDependency;
			productName = MessageKit;
		};
		13EFA5D627AC5631003002CC /* MessageKit */ = {
			isa = XCSwiftPackageProductDependency;
			productName = MessageKit;
		};
		13EFA5D827AC5634003002CC /* Kingfisher */ = {
			isa = XCSwiftPackageProductDependency;
			package = 13CCA06125793E24005C19BB /* XCRemoteSwiftPackageReference "Kingfisher" */;
			productName = Kingfisher;
		};
/* End XCSwiftPackageProductDependency section */
	};
	rootObject = 882B5E2B1CF7D4B900B6E160 /* Project object */;
}
